{
  "pins" : [
    {
      "identity" : "basetoolbox",
      "kind" : "remoteSourceControl",
      "location" : "https://github.com/lkzhao/BaseToolbox",
      "state" : {
        "revision" : "b3116a0a9d5c18c2f048b49d3259aef460540d94",
        "version" : "0.6.0"
      }
    },
    {
      "identity" : "keyboardmanager",
      "kind" : "remoteSourceControl",
      "location" : "https://github.com/lkzhao/KeyboardManager",
      "state" : {
        "revision" : "0e2c224c775ffcd42fcf9e1d386edb22043d4264",
        "version" : "0.0.1"
      }
    },
    {
      "identity" : "kingfisher",
      "kind" : "remoteSourceControl",
      "location" : "https://github.com/onevcat/Kingfisher.git",
      "state" : {
        "revision" : "277f1ab2c6664b19b4a412e32b094b201e2d5757",
        "version" : "7.10.0"
      }
    },
    {
      "identity" : "popover",
      "kind" : "remoteSourceControl",
      "location" : "https://github.com/lkzhao/Popover.git",
      "state" : {
        "revision" : "cd7f9804cb11c463d6f741d12599a436db853723",
        "version" : "0.1.4"
      }
    },
    {
      "identity" : "rxswift",
      "kind" : "remoteSourceControl",
      "location" : "https://github.com/ReactiveX/RxSwift",
      "state" : {
        "revision" : "9dcaa4b333db437b0fbfaf453fad29069044a8b4",
        "version" : "6.6.0"
      }
    }
  ],
  "version" : 2
}
