// !$*UTF8*$!
{
	archiveVersion = 1;
	classes = {
	};
	objectVersion = 56;
	objects = {

/* Begin PBXBuildFile section */
		30C9D2D62B0737880097213C /* MyBookViewModel.swift in Sources */ = {isa = PBXBuildFile; fileRef = 30C9D2D52B0737880097213C /* MyBookViewModel.swift */; };
		30C9D2EB2B073ECE0097213C /* HRLocalStorage.framework in Frameworks */ = {isa = PBXBuildFile; fileRef = 30C9D2E12B073ECE0097213C /* HRLocalStorage.framework */; };
		30C9D2F22B073ECE0097213C /* HRLocalStorageTests.swift in Sources */ = {isa = PBXBuildFile; fileRef = 30C9D2F12B073ECE0097213C /* HRLocalStorageTests.swift */; };
		30C9D2F62B073ECE0097213C /* HRLocalStorage.framework in Frameworks */ = {isa = PBXBuildFile; fileRef = 30C9D2E12B073ECE0097213C /* HRLocalStorage.framework */; };
		30C9D2F72B073ECE0097213C /* HRLocalStorage.framework in Embed Frameworks */ = {isa = PBXBuildFile; fileRef = 30C9D2E12B073ECE0097213C /* HRLocalStorage.framework */; settings = {ATTRIBUTES = (CodeSignOnCopy, RemoveHeadersOnCopy, ); }; };
		30C9D3022B0741170097213C /* CoreDataStack.swift in Sources */ = {isa = PBXBuildFile; fileRef = 30C9D3012B0741170097213C /* CoreDataStack.swift */; };
		30C9D3042B07444B0097213C /* LocalStorageProtocol.swift in Sources */ = {isa = PBXBuildFile; fileRef = 30C9D3032B07444B0097213C /* LocalStorageProtocol.swift */; };
		30C9D3062B0744A80097213C /* HRLocalStorage.swift in Sources */ = {isa = PBXBuildFile; fileRef = 30C9D3052B0744A80097213C /* HRLocalStorage.swift */; };
		30C9D30B2B07466F0097213C /* RxCocoa in Frameworks */ = {isa = PBXBuildFile; productRef = 30C9D30A2B07466F0097213C /* RxCocoa */; };
		30C9D30D2B07466F0097213C /* RxSwift in Frameworks */ = {isa = PBXBuildFile; productRef = 30C9D30C2B07466F0097213C /* RxSwift */; };
		30C9D30F2B07471F0097213C /* HRLocalStorage+Helpers.swift in Sources */ = {isa = PBXBuildFile; fileRef = 30C9D30E2B07471F0097213C /* HRLocalStorage+Helpers.swift */; };
		30C9D3132B07495A0097213C /* Managed.swift in Sources */ = {isa = PBXBuildFile; fileRef = 30C9D3122B07495A0097213C /* Managed.swift */; };
		30ED089E2B07582B000B0645 /* Model.xcdatamodeld in Sources */ = {isa = PBXBuildFile; fileRef = 30ED089C2B07582B000B0645 /* Model.xcdatamodeld */; };
		30ED08A42B075EA3000B0645 /* Extension+NSManagedObjectContext.swift in Sources */ = {isa = PBXBuildFile; fileRef = 30ED08A32B075EA3000B0645 /* Extension+NSManagedObjectContext.swift */; };
		30ED08A62B075F2F000B0645 /* Extension+CDBook.swift in Sources */ = {isa = PBXBuildFile; fileRef = 30ED08A52B075F2F000B0645 /* Extension+CDBook.swift */; };
		30ED08A72B075F65000B0645 /* HRApi.framework in Frameworks */ = {isa = PBXBuildFile; fileRef = 446CCCB22B064E0B00903989 /* HRApi.framework */; };
		30ED08A82B075F65000B0645 /* HRApi.framework in Embed Frameworks */ = {isa = PBXBuildFile; fileRef = 446CCCB22B064E0B00903989 /* HRApi.framework */; settings = {ATTRIBUTES = (CodeSignOnCopy, RemoveHeadersOnCopy, ); }; };
		30ED08AC2B076239000B0645 /* HRLocalStorage.framework in Frameworks */ = {isa = PBXBuildFile; fileRef = 30C9D2E12B073ECE0097213C /* HRLocalStorage.framework */; };
		30ED08AD2B076239000B0645 /* HRLocalStorage.framework in Embed Frameworks */ = {isa = PBXBuildFile; fileRef = 30C9D2E12B073ECE0097213C /* HRLocalStorage.framework */; settings = {ATTRIBUTES = (CodeSignOnCopy, RemoveHeadersOnCopy, ); }; };
		446CCC532B064CA100903989 /* AppDelegate.swift in Sources */ = {isa = PBXBuildFile; fileRef = 446CCC522B064CA100903989 /* AppDelegate.swift */; };
		446CCC552B064CA100903989 /* SceneDelegate.swift in Sources */ = {isa = PBXBuildFile; fileRef = 446CCC542B064CA100903989 /* SceneDelegate.swift */; };
		446CCC5A2B064CA100903989 /* Main.storyboard in Resources */ = {isa = PBXBuildFile; fileRef = 446CCC582B064CA100903989 /* Main.storyboard */; };
		446CCC5C2B064CA100903989 /* Assets.xcassets in Resources */ = {isa = PBXBuildFile; fileRef = 446CCC5B2B064CA100903989 /* Assets.xcassets */; };
		446CCC5F2B064CA100903989 /* LaunchScreen.storyboard in Resources */ = {isa = PBXBuildFile; fileRef = 446CCC5D2B064CA100903989 /* LaunchScreen.storyboard */; };
		446CCC6A2B064CA200903989 /* HyReadBooksTests.swift in Sources */ = {isa = PBXBuildFile; fileRef = 446CCC692B064CA200903989 /* HyReadBooksTests.swift */; };
		446CCC742B064CA200903989 /* HyReadBooksUITests.swift in Sources */ = {isa = PBXBuildFile; fileRef = 446CCC732B064CA200903989 /* HyReadBooksUITests.swift */; };
		446CCC762B064CA200903989 /* HyReadBooksUITestsLaunchTests.swift in Sources */ = {isa = PBXBuildFile; fileRef = 446CCC752B064CA200903989 /* HyReadBooksUITestsLaunchTests.swift */; };
		446CCC842B064D5A00903989 /* RxCocoa in Frameworks */ = {isa = PBXBuildFile; productRef = 446CCC832B064D5A00903989 /* RxCocoa */; };
		446CCC872B064D6A00903989 /* Kingfisher in Frameworks */ = {isa = PBXBuildFile; productRef = 446CCC862B064D6A00903989 /* Kingfisher */; };
		446CCC972B064DA500903989 /* HRLibrary.framework in Frameworks */ = {isa = PBXBuildFile; fileRef = 446CCC8D2B064DA500903989 /* HRLibrary.framework */; };
		446CCC9E2B064DA500903989 /* HRLibraryTests.swift in Sources */ = {isa = PBXBuildFile; fileRef = 446CCC9D2B064DA500903989 /* HRLibraryTests.swift */; };
		446CCCA22B064DA500903989 /* HRLibrary.framework in Frameworks */ = {isa = PBXBuildFile; fileRef = 446CCC8D2B064DA500903989 /* HRLibrary.framework */; };
		446CCCA32B064DA500903989 /* HRLibrary.framework in Embed Frameworks */ = {isa = PBXBuildFile; fileRef = 446CCC8D2B064DA500903989 /* HRLibrary.framework */; settings = {ATTRIBUTES = (CodeSignOnCopy, RemoveHeadersOnCopy, ); }; };
		446CCCAC2B064DC200903989 /* Environment.swift in Sources */ = {isa = PBXBuildFile; fileRef = 446CCCAB2B064DC200903989 /* Environment.swift */; };
		446CCCBC2B064E0B00903989 /* HRApi.framework in Frameworks */ = {isa = PBXBuildFile; fileRef = 446CCCB22B064E0B00903989 /* HRApi.framework */; };
		446CCCC32B064E0B00903989 /* HRApiTests.swift in Sources */ = {isa = PBXBuildFile; fileRef = 446CCCC22B064E0B00903989 /* HRApiTests.swift */; };
		446CCCC72B064E0B00903989 /* HRApi.framework in Frameworks */ = {isa = PBXBuildFile; fileRef = 446CCCB22B064E0B00903989 /* HRApi.framework */; };
		446CCCC82B064E0B00903989 /* HRApi.framework in Embed Frameworks */ = {isa = PBXBuildFile; fileRef = 446CCCB22B064E0B00903989 /* HRApi.framework */; settings = {ATTRIBUTES = (CodeSignOnCopy, RemoveHeadersOnCopy, ); }; };
		446CCCD02B064E6900903989 /* ServerConfig.swift in Sources */ = {isa = PBXBuildFile; fileRef = 446CCCCF2B064E6900903989 /* ServerConfig.swift */; };
		446CCCD22B064F8200903989 /* ServiceProtocol.swift in Sources */ = {isa = PBXBuildFile; fileRef = 446CCCD12B064F8200903989 /* ServiceProtocol.swift */; };
		446CCCD52B064FBC00903989 /* HRService.swift in Sources */ = {isa = PBXBuildFile; fileRef = 446CCCD42B064FBC00903989 /* HRService.swift */; };
		446CCCD72B06502900903989 /* Route.swift in Sources */ = {isa = PBXBuildFile; fileRef = 446CCCD62B06502900903989 /* Route.swift */; };
		446CCCD92B06504200903989 /* Method.swift in Sources */ = {isa = PBXBuildFile; fileRef = 446CCCD82B06504200903989 /* Method.swift */; };
		446CCCDE2B06513800903989 /* NSURLSession.swift in Sources */ = {isa = PBXBuildFile; fileRef = 446CCCDB2B06513800903989 /* NSURLSession.swift */; };
		446CCCDF2B06513800903989 /* Encodable+Dictionary.swift in Sources */ = {isa = PBXBuildFile; fileRef = 446CCCDC2B06513800903989 /* Encodable+Dictionary.swift */; };
		446CCCE02B06513800903989 /* Dictionary.swift in Sources */ = {isa = PBXBuildFile; fileRef = 446CCCDD2B06513800903989 /* Dictionary.swift */; };
		446CCCE22B06515E00903989 /* ErrorEnvelope.swift in Sources */ = {isa = PBXBuildFile; fileRef = 446CCCE12B06515E00903989 /* ErrorEnvelope.swift */; };
		446CCCE52B06521F00903989 /* RxCocoa in Frameworks */ = {isa = PBXBuildFile; productRef = 446CCCE42B06521F00903989 /* RxCocoa */; };
		446CCCE72B06521F00903989 /* RxSwift in Frameworks */ = {isa = PBXBuildFile; productRef = 446CCCE62B06521F00903989 /* RxSwift */; };
		446CCCE92B06534500903989 /* HRService+Helpers.swift in Sources */ = {isa = PBXBuildFile; fileRef = 446CCCE82B06534500903989 /* HRService+Helpers.swift */; };
		446CCCEB2B0653B600903989 /* HRService+DecodeHelpers.swift in Sources */ = {isa = PBXBuildFile; fileRef = 446CCCEA2B0653B600903989 /* HRService+DecodeHelpers.swift */; };
		446CCCED2B0653FE00903989 /* Book.swift in Sources */ = {isa = PBXBuildFile; fileRef = 446CCCEC2B0653FE00903989 /* Book.swift */; };
		446CCCEE2B06551F00903989 /* HRApi.framework in Frameworks */ = {isa = PBXBuildFile; fileRef = 446CCCB22B064E0B00903989 /* HRApi.framework */; };
		446CCCEF2B06551F00903989 /* HRApi.framework in Embed Frameworks */ = {isa = PBXBuildFile; fileRef = 446CCCB22B064E0B00903989 /* HRApi.framework */; settings = {ATTRIBUTES = (CodeSignOnCopy, RemoveHeadersOnCopy, ); }; };
		446CCCF42B06552E00903989 /* AppEnvironment.swift in Sources */ = {isa = PBXBuildFile; fileRef = 446CCCF32B06552E00903989 /* AppEnvironment.swift */; };
		446CCCF82B06565800903989 /* RootTabBarViewController.swift in Sources */ = {isa = PBXBuildFile; fileRef = 446CCCF72B06565800903989 /* RootTabBarViewController.swift */; };
		446CCCFB2B0656AB00903989 /* UIViewController+Preparation.swift in Sources */ = {isa = PBXBuildFile; fileRef = 446CCCFA2B0656AB00903989 /* UIViewController+Preparation.swift */; };
		446CCCFE2B06572D00903989 /* RootViewModel.swift in Sources */ = {isa = PBXBuildFile; fileRef = 446CCCFD2B06572D00903989 /* RootViewModel.swift */; };
		446CCD002B0658E700903989 /* Optional+Extension.swift in Sources */ = {isa = PBXBuildFile; fileRef = 446CCCFF2B0658E700903989 /* Optional+Extension.swift */; };
		446CCD022B0659EA00903989 /* RxSwift in Frameworks */ = {isa = PBXBuildFile; productRef = 446CCD012B0659EA00903989 /* RxSwift */; };
		446CCD042B065A0100903989 /* RxCocoa in Frameworks */ = {isa = PBXBuildFile; productRef = 446CCD032B065A0100903989 /* RxCocoa */; };
		446CCD062B065A0400903989 /* RxSwift in Frameworks */ = {isa = PBXBuildFile; productRef = 446CCD052B065A0400903989 /* RxSwift */; };
		446CCD092B065AF500903989 /* MyBooksViewController.swift in Sources */ = {isa = PBXBuildFile; fileRef = 446CCD082B065AF500903989 /* MyBooksViewController.swift */; };
		446CCD0D2B06621E00903989 /* BookCell.swift in Sources */ = {isa = PBXBuildFile; fileRef = 446CCD0C2B06621E00903989 /* BookCell.swift */; };
		446CCD0F2B0663AA00903989 /* WatchBookViewModel.swift in Sources */ = {isa = PBXBuildFile; fileRef = 446CCD0E2B0663AA00903989 /* WatchBookViewModel.swift */; };
		446CCD122B06686700903989 /* MyBooksViewModel.swift in Sources */ = {isa = PBXBuildFile; fileRef = 446CCD112B06686700903989 /* MyBooksViewModel.swift */; };
		446CCD142B07A01300903989 /* Extension+CDSavedBook.swift in Sources */ = {isa = PBXBuildFile; fileRef = 446CCD132B07A01300903989 /* Extension+CDSavedBook.swift */; };
		446CCD162B0852AD00903989 /* HRCache.swift in Sources */ = {isa = PBXBuildFile; fileRef = 446CCD152B0852AD00903989 /* HRCache.swift */; };
		446CCD1C2B08E05200903989 /* SharedFunctions.swift in Sources */ = {isa = PBXBuildFile; fileRef = 446CCD172B08DF8C00903989 /* SharedFunctions.swift */; };
		446CCD1D2B08E05500903989 /* UIFeedBackGenerationType.swift in Sources */ = {isa = PBXBuildFile; fileRef = 446CCD192B08DFD600903989 /* UIFeedBackGenerationType.swift */; };
		446CCD202B08E43F00903989 /* Popover in Frameworks */ = {isa = PBXBuildFile; productRef = 446CCD1F2B08E43F00903989 /* Popover */; };
		446CCD232B08E74300903989 /* WrapperView.swift in Sources */ = {isa = PBXBuildFile; fileRef = 446CCD222B08E74300903989 /* WrapperView.swift */; };
		446CCD252B08EB0100903989 /* UIView+SnackBar.swift in Sources */ = {isa = PBXBuildFile; fileRef = 446CCD242B08EB0100903989 /* UIView+SnackBar.swift */; };
		446CCD282B0A007400903989 /* SavedBookViewController.swift in Sources */ = {isa = PBXBuildFile; fileRef = 446CCD272B0A007400903989 /* SavedBookViewController.swift */; };
		446CCD2B2B0A028400903989 /* SavedBooksViewModel.swift in Sources */ = {isa = PBXBuildFile; fileRef = 446CCD2A2B0A028400903989 /* SavedBooksViewModel.swift */; };
		446CCD2D2B0A040200903989 /* DomainTransferFunctions.swift in Sources */ = {isa = PBXBuildFile; fileRef = 446CCD2C2B0A040200903989 /* DomainTransferFunctions.swift */; };
		446CCD302B0A14B100903989 /* CrossDissolveTranstionAnimator.swift in Sources */ = {isa = PBXBuildFile; fileRef = 446CCD2F2B0A14B100903989 /* CrossDissolveTranstionAnimator.swift */; };
		446CCD322B0A1CAE00903989 /* Extension+UICollectionViewCompositionalLayout.swift in Sources */ = {isa = PBXBuildFile; fileRef = 446CCD312B0A1CAE00903989 /* Extension+UICollectionViewCompositionalLayout.swift */; };
		446CCD362B0A248600903989 /* BookLayoutTemplateViewController.swift in Sources */ = {isa = PBXBuildFile; fileRef = 446CCD352B0A248600903989 /* BookLayoutTemplateViewController.swift */; };
		446CCD392B0A251800903989 /* BookLayoutTemplateCell.swift in Sources */ = {isa = PBXBuildFile; fileRef = 446CCD382B0A251800903989 /* BookLayoutTemplateCell.swift */; };
		446CCD3B2B0A2ACD00903989 /* BookLayoutTemplateView.swift in Sources */ = {isa = PBXBuildFile; fileRef = 446CCD3A2B0A2ACD00903989 /* BookLayoutTemplateView.swift */; };
		446CCD3D2B0A2BBA00903989 /* ShapeView.swift in Sources */ = {isa = PBXBuildFile; fileRef = 446CCD3C2B0A2BBA00903989 /* ShapeView.swift */; };
		446CCD402B0A399A00903989 /* BookLayoutTemplateParams.swift in Sources */ = {isa = PBXBuildFile; fileRef = 446CCD3F2B0A399A00903989 /* BookLayoutTemplateParams.swift */; };
		446CCD442B0A3C8C00903989 /* BookLayoutTemplatCellViewModel.swift in Sources */ = {isa = PBXBuildFile; fileRef = 446CCD432B0A3C8C00903989 /* BookLayoutTemplatCellViewModel.swift */; };
		446CCD452B0A3DFA00903989 /* BookLayoutTemplateSeletableRow.swift in Sources */ = {isa = PBXBuildFile; fileRef = 446CCD412B0A3BD300903989 /* BookLayoutTemplateSeletableRow.swift */; };
		446CCD472B0A407E00903989 /* BookLayoutTemplateViewModel.swift in Sources */ = {isa = PBXBuildFile; fileRef = 446CCD462B0A407E00903989 /* BookLayoutTemplateViewModel.swift */; };
		446CCD492B0A526600903989 /* KeyValueStore.swift in Sources */ = {isa = PBXBuildFile; fileRef = 446CCD482B0A526600903989 /* KeyValueStore.swift */; };
/* End PBXBuildFile section */

/* Begin PBXContainerItemProxy section */
		30C9D2EC2B073ECE0097213C /* PBXContainerItemProxy */ = {
			isa = PBXContainerItemProxy;
			containerPortal = 446CCC472B064CA100903989 /* Project object */;
			proxyType = 1;
			remoteGlobalIDString = 30C9D2E02B073ECE0097213C;
			remoteInfo = HRLocalStorage;
		};
		30C9D2EE2B073ECE0097213C /* PBXContainerItemProxy */ = {
			isa = PBXContainerItemProxy;
			containerPortal = 446CCC472B064CA100903989 /* Project object */;
			proxyType = 1;
			remoteGlobalIDString = 446CCC4E2B064CA100903989;
			remoteInfo = HyReadBooks;
		};
		30C9D2F42B073ECE0097213C /* PBXContainerItemProxy */ = {
			isa = PBXContainerItemProxy;
			containerPortal = 446CCC472B064CA100903989 /* Project object */;
			proxyType = 1;
			remoteGlobalIDString = 30C9D2E02B073ECE0097213C;
			remoteInfo = HRLocalStorage;
		};
		30ED08A92B075F65000B0645 /* PBXContainerItemProxy */ = {
			isa = PBXContainerItemProxy;
			containerPortal = 446CCC472B064CA100903989 /* Project object */;
			proxyType = 1;
			remoteGlobalIDString = 446CCCB12B064E0B00903989;
			remoteInfo = HRApi;
		};
		30ED08AE2B076239000B0645 /* PBXContainerItemProxy */ = {
			isa = PBXContainerItemProxy;
			containerPortal = 446CCC472B064CA100903989 /* Project object */;
			proxyType = 1;
			remoteGlobalIDString = 30C9D2E02B073ECE0097213C;
			remoteInfo = HRLocalStorage;
		};
		446CCC662B064CA200903989 /* PBXContainerItemProxy */ = {
			isa = PBXContainerItemProxy;
			containerPortal = 446CCC472B064CA100903989 /* Project object */;
			proxyType = 1;
			remoteGlobalIDString = 446CCC4E2B064CA100903989;
			remoteInfo = HyReadBooks;
		};
		446CCC702B064CA200903989 /* PBXContainerItemProxy */ = {
			isa = PBXContainerItemProxy;
			containerPortal = 446CCC472B064CA100903989 /* Project object */;
			proxyType = 1;
			remoteGlobalIDString = 446CCC4E2B064CA100903989;
			remoteInfo = HyReadBooks;
		};
		446CCC982B064DA500903989 /* PBXContainerItemProxy */ = {
			isa = PBXContainerItemProxy;
			containerPortal = 446CCC472B064CA100903989 /* Project object */;
			proxyType = 1;
			remoteGlobalIDString = 446CCC8C2B064DA500903989;
			remoteInfo = HRLibrary;
		};
		446CCC9A2B064DA500903989 /* PBXContainerItemProxy */ = {
			isa = PBXContainerItemProxy;
			containerPortal = 446CCC472B064CA100903989 /* Project object */;
			proxyType = 1;
			remoteGlobalIDString = 446CCC4E2B064CA100903989;
			remoteInfo = HyReadBooks;
		};
		446CCCA02B064DA500903989 /* PBXContainerItemProxy */ = {
			isa = PBXContainerItemProxy;
			containerPortal = 446CCC472B064CA100903989 /* Project object */;
			proxyType = 1;
			remoteGlobalIDString = 446CCC8C2B064DA500903989;
			remoteInfo = HRLibrary;
		};
		446CCCBD2B064E0B00903989 /* PBXContainerItemProxy */ = {
			isa = PBXContainerItemProxy;
			containerPortal = 446CCC472B064CA100903989 /* Project object */;
			proxyType = 1;
			remoteGlobalIDString = 446CCCB12B064E0B00903989;
			remoteInfo = HRApi;
		};
		446CCCBF2B064E0B00903989 /* PBXContainerItemProxy */ = {
			isa = PBXContainerItemProxy;
			containerPortal = 446CCC472B064CA100903989 /* Project object */;
			proxyType = 1;
			remoteGlobalIDString = 446CCC4E2B064CA100903989;
			remoteInfo = HyReadBooks;
		};
		446CCCC52B064E0B00903989 /* PBXContainerItemProxy */ = {
			isa = PBXContainerItemProxy;
			containerPortal = 446CCC472B064CA100903989 /* Project object */;
			proxyType = 1;
			remoteGlobalIDString = 446CCCB12B064E0B00903989;
			remoteInfo = HRApi;
		};
		446CCCF02B06551F00903989 /* PBXContainerItemProxy */ = {
			isa = PBXContainerItemProxy;
			containerPortal = 446CCC472B064CA100903989 /* Project object */;
			proxyType = 1;
			remoteGlobalIDString = 446CCCB12B064E0B00903989;
			remoteInfo = HRApi;
		};
/* End PBXContainerItemProxy section */

/* Begin PBXCopyFilesBuildPhase section */
		30ED08AB2B075F65000B0645 /* Embed Frameworks */ = {
			isa = PBXCopyFilesBuildPhase;
			buildActionMask = 2147483647;
			dstPath = "";
			dstSubfolderSpec = 10;
			files = (
				30ED08A82B075F65000B0645 /* HRApi.framework in Embed Frameworks */,
			);
			name = "Embed Frameworks";
			runOnlyForDeploymentPostprocessing = 0;
		};
		446CCCA72B064DA500903989 /* Embed Frameworks */ = {
			isa = PBXCopyFilesBuildPhase;
			buildActionMask = 2147483647;
			dstPath = "";
			dstSubfolderSpec = 10;
			files = (
				446CCCA32B064DA500903989 /* HRLibrary.framework in Embed Frameworks */,
				446CCCC82B064E0B00903989 /* HRApi.framework in Embed Frameworks */,
				30C9D2F72B073ECE0097213C /* HRLocalStorage.framework in Embed Frameworks */,
			);
			name = "Embed Frameworks";
			runOnlyForDeploymentPostprocessing = 0;
		};
		446CCCF22B06551F00903989 /* Embed Frameworks */ = {
			isa = PBXCopyFilesBuildPhase;
			buildActionMask = 2147483647;
			dstPath = "";
			dstSubfolderSpec = 10;
			files = (
				30ED08AD2B076239000B0645 /* HRLocalStorage.framework in Embed Frameworks */,
				446CCCEF2B06551F00903989 /* HRApi.framework in Embed Frameworks */,
			);
			name = "Embed Frameworks";
			runOnlyForDeploymentPostprocessing = 0;
		};
/* End PBXCopyFilesBuildPhase section */

/* Begin PBXFileReference section */
		30C9D2D52B0737880097213C /* MyBookViewModel.swift */ = {isa = PBXFileReference; lastKnownFileType = sourcecode.swift; path = MyBookViewModel.swift; sourceTree = "<group>"; };
		30C9D2E12B073ECE0097213C /* HRLocalStorage.framework */ = {isa = PBXFileReference; explicitFileType = wrapper.framework; includeInIndex = 0; path = HRLocalStorage.framework; sourceTree = BUILT_PRODUCTS_DIR; };
		30C9D2EA2B073ECE0097213C /* HRLocalStorageTests.xctest */ = {isa = PBXFileReference; explicitFileType = wrapper.cfbundle; includeInIndex = 0; path = HRLocalStorageTests.xctest; sourceTree = BUILT_PRODUCTS_DIR; };
		30C9D2F12B073ECE0097213C /* HRLocalStorageTests.swift */ = {isa = PBXFileReference; lastKnownFileType = sourcecode.swift; path = HRLocalStorageTests.swift; sourceTree = "<group>"; };
		30C9D3012B0741170097213C /* CoreDataStack.swift */ = {isa = PBXFileReference; lastKnownFileType = sourcecode.swift; path = CoreDataStack.swift; sourceTree = "<group>"; };
		30C9D3032B07444B0097213C /* LocalStorageProtocol.swift */ = {isa = PBXFileReference; lastKnownFileType = sourcecode.swift; path = LocalStorageProtocol.swift; sourceTree = "<group>"; };
		30C9D3052B0744A80097213C /* HRLocalStorage.swift */ = {isa = PBXFileReference; lastKnownFileType = sourcecode.swift; path = HRLocalStorage.swift; sourceTree = "<group>"; };
		30C9D30E2B07471F0097213C /* HRLocalStorage+Helpers.swift */ = {isa = PBXFileReference; lastKnownFileType = sourcecode.swift; path = "HRLocalStorage+Helpers.swift"; sourceTree = "<group>"; };
		30C9D3122B07495A0097213C /* Managed.swift */ = {isa = PBXFileReference; lastKnownFileType = sourcecode.swift; path = Managed.swift; sourceTree = "<group>"; };
		30ED089D2B07582B000B0645 /* Model.xcdatamodel */ = {isa = PBXFileReference; lastKnownFileType = wrapper.xcdatamodel; path = Model.xcdatamodel; sourceTree = "<group>"; };
		30ED08A32B075EA3000B0645 /* Extension+NSManagedObjectContext.swift */ = {isa = PBXFileReference; lastKnownFileType = sourcecode.swift; path = "Extension+NSManagedObjectContext.swift"; sourceTree = "<group>"; };
		30ED08A52B075F2F000B0645 /* Extension+CDBook.swift */ = {isa = PBXFileReference; lastKnownFileType = sourcecode.swift; path = "Extension+CDBook.swift"; sourceTree = "<group>"; };
		446CCC4F2B064CA100903989 /* HyReadBooks.app */ = {isa = PBXFileReference; explicitFileType = wrapper.application; includeInIndex = 0; path = HyReadBooks.app; sourceTree = BUILT_PRODUCTS_DIR; };
		446CCC522B064CA100903989 /* AppDelegate.swift */ = {isa = PBXFileReference; lastKnownFileType = sourcecode.swift; path = AppDelegate.swift; sourceTree = "<group>"; };
		446CCC542B064CA100903989 /* SceneDelegate.swift */ = {isa = PBXFileReference; lastKnownFileType = sourcecode.swift; path = SceneDelegate.swift; sourceTree = "<group>"; };
		446CCC592B064CA100903989 /* Base */ = {isa = PBXFileReference; lastKnownFileType = file.storyboard; name = Base; path = Base.lproj/Main.storyboard; sourceTree = "<group>"; };
		446CCC5B2B064CA100903989 /* Assets.xcassets */ = {isa = PBXFileReference; lastKnownFileType = folder.assetcatalog; path = Assets.xcassets; sourceTree = "<group>"; };
		446CCC5E2B064CA100903989 /* Base */ = {isa = PBXFileReference; lastKnownFileType = file.storyboard; name = Base; path = Base.lproj/LaunchScreen.storyboard; sourceTree = "<group>"; };
		446CCC602B064CA100903989 /* Info.plist */ = {isa = PBXFileReference; lastKnownFileType = text.plist.xml; path = Info.plist; sourceTree = "<group>"; };
		446CCC652B064CA200903989 /* HyReadBooksTests.xctest */ = {isa = PBXFileReference; explicitFileType = wrapper.cfbundle; includeInIndex = 0; path = HyReadBooksTests.xctest; sourceTree = BUILT_PRODUCTS_DIR; };
		446CCC692B064CA200903989 /* HyReadBooksTests.swift */ = {isa = PBXFileReference; lastKnownFileType = sourcecode.swift; path = HyReadBooksTests.swift; sourceTree = "<group>"; };
		446CCC6F2B064CA200903989 /* HyReadBooksUITests.xctest */ = {isa = PBXFileReference; explicitFileType = wrapper.cfbundle; includeInIndex = 0; path = HyReadBooksUITests.xctest; sourceTree = BUILT_PRODUCTS_DIR; };
		446CCC732B064CA200903989 /* HyReadBooksUITests.swift */ = {isa = PBXFileReference; lastKnownFileType = sourcecode.swift; path = HyReadBooksUITests.swift; sourceTree = "<group>"; };
		446CCC752B064CA200903989 /* HyReadBooksUITestsLaunchTests.swift */ = {isa = PBXFileReference; lastKnownFileType = sourcecode.swift; path = HyReadBooksUITestsLaunchTests.swift; sourceTree = "<group>"; };
		446CCC8D2B064DA500903989 /* HRLibrary.framework */ = {isa = PBXFileReference; explicitFileType = wrapper.framework; includeInIndex = 0; path = HRLibrary.framework; sourceTree = BUILT_PRODUCTS_DIR; };
		446CCC962B064DA500903989 /* HRLibraryTests.xctest */ = {isa = PBXFileReference; explicitFileType = wrapper.cfbundle; includeInIndex = 0; path = HRLibraryTests.xctest; sourceTree = BUILT_PRODUCTS_DIR; };
		446CCC9D2B064DA500903989 /* HRLibraryTests.swift */ = {isa = PBXFileReference; lastKnownFileType = sourcecode.swift; path = HRLibraryTests.swift; sourceTree = "<group>"; };
		446CCCAB2B064DC200903989 /* Environment.swift */ = {isa = PBXFileReference; lastKnownFileType = sourcecode.swift; path = Environment.swift; sourceTree = "<group>"; };
		446CCCB22B064E0B00903989 /* HRApi.framework */ = {isa = PBXFileReference; explicitFileType = wrapper.framework; includeInIndex = 0; path = HRApi.framework; sourceTree = BUILT_PRODUCTS_DIR; };
		446CCCBB2B064E0B00903989 /* HRApiTests.xctest */ = {isa = PBXFileReference; explicitFileType = wrapper.cfbundle; includeInIndex = 0; path = HRApiTests.xctest; sourceTree = BUILT_PRODUCTS_DIR; };
		446CCCC22B064E0B00903989 /* HRApiTests.swift */ = {isa = PBXFileReference; lastKnownFileType = sourcecode.swift; path = HRApiTests.swift; sourceTree = "<group>"; };
		446CCCCF2B064E6900903989 /* ServerConfig.swift */ = {isa = PBXFileReference; lastKnownFileType = sourcecode.swift; path = ServerConfig.swift; sourceTree = "<group>"; };
		446CCCD12B064F8200903989 /* ServiceProtocol.swift */ = {isa = PBXFileReference; lastKnownFileType = sourcecode.swift; path = ServiceProtocol.swift; sourceTree = "<group>"; };
		446CCCD42B064FBC00903989 /* HRService.swift */ = {isa = PBXFileReference; lastKnownFileType = sourcecode.swift; path = HRService.swift; sourceTree = "<group>"; };
		446CCCD62B06502900903989 /* Route.swift */ = {isa = PBXFileReference; lastKnownFileType = sourcecode.swift; path = Route.swift; sourceTree = "<group>"; };
		446CCCD82B06504200903989 /* Method.swift */ = {isa = PBXFileReference; lastKnownFileType = sourcecode.swift; path = Method.swift; sourceTree = "<group>"; };
		446CCCDB2B06513800903989 /* NSURLSession.swift */ = {isa = PBXFileReference; fileEncoding = 4; lastKnownFileType = sourcecode.swift; path = NSURLSession.swift; sourceTree = "<group>"; };
		446CCCDC2B06513800903989 /* Encodable+Dictionary.swift */ = {isa = PBXFileReference; fileEncoding = 4; lastKnownFileType = sourcecode.swift; path = "Encodable+Dictionary.swift"; sourceTree = "<group>"; };
		446CCCDD2B06513800903989 /* Dictionary.swift */ = {isa = PBXFileReference; fileEncoding = 4; lastKnownFileType = sourcecode.swift; path = Dictionary.swift; sourceTree = "<group>"; };
		446CCCE12B06515E00903989 /* ErrorEnvelope.swift */ = {isa = PBXFileReference; fileEncoding = 4; lastKnownFileType = sourcecode.swift; path = ErrorEnvelope.swift; sourceTree = "<group>"; };
		446CCCE82B06534500903989 /* HRService+Helpers.swift */ = {isa = PBXFileReference; lastKnownFileType = sourcecode.swift; path = "HRService+Helpers.swift"; sourceTree = "<group>"; };
		446CCCEA2B0653B600903989 /* HRService+DecodeHelpers.swift */ = {isa = PBXFileReference; lastKnownFileType = sourcecode.swift; path = "HRService+DecodeHelpers.swift"; sourceTree = "<group>"; };
		446CCCEC2B0653FE00903989 /* Book.swift */ = {isa = PBXFileReference; lastKnownFileType = sourcecode.swift; path = Book.swift; sourceTree = "<group>"; };
		446CCCF32B06552E00903989 /* AppEnvironment.swift */ = {isa = PBXFileReference; lastKnownFileType = sourcecode.swift; path = AppEnvironment.swift; sourceTree = "<group>"; };
		446CCCF72B06565800903989 /* RootTabBarViewController.swift */ = {isa = PBXFileReference; lastKnownFileType = sourcecode.swift; path = RootTabBarViewController.swift; sourceTree = "<group>"; };
		446CCCFA2B0656AB00903989 /* UIViewController+Preparation.swift */ = {isa = PBXFileReference; lastKnownFileType = sourcecode.swift; path = "UIViewController+Preparation.swift"; sourceTree = "<group>"; };
		446CCCFD2B06572D00903989 /* RootViewModel.swift */ = {isa = PBXFileReference; lastKnownFileType = sourcecode.swift; path = RootViewModel.swift; sourceTree = "<group>"; };
		446CCCFF2B0658E700903989 /* Optional+Extension.swift */ = {isa = PBXFileReference; lastKnownFileType = sourcecode.swift; path = "Optional+Extension.swift"; sourceTree = "<group>"; };
		446CCD082B065AF500903989 /* MyBooksViewController.swift */ = {isa = PBXFileReference; lastKnownFileType = sourcecode.swift; path = MyBooksViewController.swift; sourceTree = "<group>"; };
		446CCD0C2B06621E00903989 /* BookCell.swift */ = {isa = PBXFileReference; lastKnownFileType = sourcecode.swift; path = BookCell.swift; sourceTree = "<group>"; };
		446CCD0E2B0663AA00903989 /* WatchBookViewModel.swift */ = {isa = PBXFileReference; lastKnownFileType = sourcecode.swift; path = WatchBookViewModel.swift; sourceTree = "<group>"; };
		446CCD112B06686700903989 /* MyBooksViewModel.swift */ = {isa = PBXFileReference; lastKnownFileType = sourcecode.swift; path = MyBooksViewModel.swift; sourceTree = "<group>"; };
		446CCD132B07A01300903989 /* Extension+CDSavedBook.swift */ = {isa = PBXFileReference; lastKnownFileType = sourcecode.swift; path = "Extension+CDSavedBook.swift"; sourceTree = "<group>"; };
		446CCD152B0852AD00903989 /* HRCache.swift */ = {isa = PBXFileReference; lastKnownFileType = sourcecode.swift; path = HRCache.swift; sourceTree = "<group>"; };
		446CCD172B08DF8C00903989 /* SharedFunctions.swift */ = {isa = PBXFileReference; lastKnownFileType = sourcecode.swift; path = SharedFunctions.swift; sourceTree = "<group>"; };
		446CCD192B08DFD600903989 /* UIFeedBackGenerationType.swift */ = {isa = PBXFileReference; lastKnownFileType = sourcecode.swift; path = UIFeedBackGenerationType.swift; sourceTree = "<group>"; };
		446CCD222B08E74300903989 /* WrapperView.swift */ = {isa = PBXFileReference; lastKnownFileType = sourcecode.swift; path = WrapperView.swift; sourceTree = "<group>"; };
		446CCD242B08EB0100903989 /* UIView+SnackBar.swift */ = {isa = PBXFileReference; lastKnownFileType = sourcecode.swift; path = "UIView+SnackBar.swift"; sourceTree = "<group>"; };
		446CCD272B0A007400903989 /* SavedBookViewController.swift */ = {isa = PBXFileReference; lastKnownFileType = sourcecode.swift; path = SavedBookViewController.swift; sourceTree = "<group>"; };
		446CCD2A2B0A028400903989 /* SavedBooksViewModel.swift */ = {isa = PBXFileReference; lastKnownFileType = sourcecode.swift; path = SavedBooksViewModel.swift; sourceTree = "<group>"; };
		446CCD2C2B0A040200903989 /* DomainTransferFunctions.swift */ = {isa = PBXFileReference; lastKnownFileType = sourcecode.swift; path = DomainTransferFunctions.swift; sourceTree = "<group>"; };
		446CCD2F2B0A14B100903989 /* CrossDissolveTranstionAnimator.swift */ = {isa = PBXFileReference; lastKnownFileType = sourcecode.swift; path = CrossDissolveTranstionAnimator.swift; sourceTree = "<group>"; };
		446CCD312B0A1CAE00903989 /* Extension+UICollectionViewCompositionalLayout.swift */ = {isa = PBXFileReference; lastKnownFileType = sourcecode.swift; path = "Extension+UICollectionViewCompositionalLayout.swift"; sourceTree = "<group>"; };
		446CCD352B0A248600903989 /* BookLayoutTemplateViewController.swift */ = {isa = PBXFileReference; lastKnownFileType = sourcecode.swift; path = BookLayoutTemplateViewController.swift; sourceTree = "<group>"; };
		446CCD382B0A251800903989 /* BookLayoutTemplateCell.swift */ = {isa = PBXFileReference; lastKnownFileType = sourcecode.swift; path = BookLayoutTemplateCell.swift; sourceTree = "<group>"; };
		446CCD3A2B0A2ACD00903989 /* BookLayoutTemplateView.swift */ = {isa = PBXFileReference; lastKnownFileType = sourcecode.swift; path = BookLayoutTemplateView.swift; sourceTree = "<group>"; };
		446CCD3C2B0A2BBA00903989 /* ShapeView.swift */ = {isa = PBXFileReference; lastKnownFileType = sourcecode.swift; path = ShapeView.swift; sourceTree = "<group>"; };
		446CCD3F2B0A399A00903989 /* BookLayoutTemplateParams.swift */ = {isa = PBXFileReference; lastKnownFileType = sourcecode.swift; path = BookLayoutTemplateParams.swift; sourceTree = "<group>"; };
		446CCD412B0A3BD300903989 /* BookLayoutTemplateSeletableRow.swift */ = {isa = PBXFileReference; lastKnownFileType = sourcecode.swift; path = BookLayoutTemplateSeletableRow.swift; sourceTree = "<group>"; };
		446CCD432B0A3C8C00903989 /* BookLayoutTemplatCellViewModel.swift */ = {isa = PBXFileReference; lastKnownFileType = sourcecode.swift; path = BookLayoutTemplatCellViewModel.swift; sourceTree = "<group>"; };
		446CCD462B0A407E00903989 /* BookLayoutTemplateViewModel.swift */ = {isa = PBXFileReference; lastKnownFileType = sourcecode.swift; path = BookLayoutTemplateViewModel.swift; sourceTree = "<group>"; };
		446CCD482B0A526600903989 /* KeyValueStore.swift */ = {isa = PBXFileReference; lastKnownFileType = sourcecode.swift; path = KeyValueStore.swift; sourceTree = "<group>"; };
/* End PBXFileReference section */

/* Begin PBXFrameworksBuildPhase section */
		30C9D2DE2B073ECE0097213C /* Frameworks */ = {
			isa = PBXFrameworksBuildPhase;
			buildActionMask = 2147483647;
			files = (
				30C9D30D2B07466F0097213C /* RxSwift in Frameworks */,
				30ED08A72B075F65000B0645 /* HRApi.framework in Frameworks */,
				30C9D30B2B07466F0097213C /* RxCocoa in Frameworks */,
			);
			runOnlyForDeploymentPostprocessing = 0;
		};
		30C9D2E72B073ECE0097213C /* Frameworks */ = {
			isa = PBXFrameworksBuildPhase;
			buildActionMask = 2147483647;
			files = (
				30C9D2EB2B073ECE0097213C /* HRLocalStorage.framework in Frameworks */,
			);
			runOnlyForDeploymentPostprocessing = 0;
		};
		446CCC4C2B064CA100903989 /* Frameworks */ = {
			isa = PBXFrameworksBuildPhase;
			buildActionMask = 2147483647;
			files = (
				446CCD202B08E43F00903989 /* Popover in Frameworks */,
				446CCC872B064D6A00903989 /* Kingfisher in Frameworks */,
				446CCC842B064D5A00903989 /* RxCocoa in Frameworks */,
				30C9D2F62B073ECE0097213C /* HRLocalStorage.framework in Frameworks */,
				446CCD022B0659EA00903989 /* RxSwift in Frameworks */,
				446CCCA22B064DA500903989 /* HRLibrary.framework in Frameworks */,
				446CCCC72B064E0B00903989 /* HRApi.framework in Frameworks */,
			);
			runOnlyForDeploymentPostprocessing = 0;
		};
		446CCC622B064CA200903989 /* Frameworks */ = {
			isa = PBXFrameworksBuildPhase;
			buildActionMask = 2147483647;
			files = (
			);
			runOnlyForDeploymentPostprocessing = 0;
		};
		446CCC6C2B064CA200903989 /* Frameworks */ = {
			isa = PBXFrameworksBuildPhase;
			buildActionMask = 2147483647;
			files = (
			);
			runOnlyForDeploymentPostprocessing = 0;
		};
		446CCC8A2B064DA500903989 /* Frameworks */ = {
			isa = PBXFrameworksBuildPhase;
			buildActionMask = 2147483647;
			files = (
				446CCD062B065A0400903989 /* RxSwift in Frameworks */,
				446CCD042B065A0100903989 /* RxCocoa in Frameworks */,
				30ED08AC2B076239000B0645 /* HRLocalStorage.framework in Frameworks */,
				446CCCEE2B06551F00903989 /* HRApi.framework in Frameworks */,
			);
			runOnlyForDeploymentPostprocessing = 0;
		};
		446CCC932B064DA500903989 /* Frameworks */ = {
			isa = PBXFrameworksBuildPhase;
			buildActionMask = 2147483647;
			files = (
				446CCC972B064DA500903989 /* HRLibrary.framework in Frameworks */,
			);
			runOnlyForDeploymentPostprocessing = 0;
		};
		446CCCAF2B064E0B00903989 /* Frameworks */ = {
			isa = PBXFrameworksBuildPhase;
			buildActionMask = 2147483647;
			files = (
				446CCCE72B06521F00903989 /* RxSwift in Frameworks */,
				446CCCE52B06521F00903989 /* RxCocoa in Frameworks */,
			);
			runOnlyForDeploymentPostprocessing = 0;
		};
		446CCCB82B064E0B00903989 /* Frameworks */ = {
			isa = PBXFrameworksBuildPhase;
			buildActionMask = 2147483647;
			files = (
				446CCCBC2B064E0B00903989 /* HRApi.framework in Frameworks */,
			);
			runOnlyForDeploymentPostprocessing = 0;
		};
/* End PBXFrameworksBuildPhase section */

/* Begin PBXGroup section */
		30C9D2E22B073ECE0097213C /* HRLocalStorage */ = {
			isa = PBXGroup;
			children = (
				446CCD3E2B0A398A00903989 /* models */,
				30ED08A22B075E8B000B0645 /* extensions */,
				30C9D3012B0741170097213C /* CoreDataStack.swift */,
				30C9D3032B07444B0097213C /* LocalStorageProtocol.swift */,
				30C9D3052B0744A80097213C /* HRLocalStorage.swift */,
				30C9D30E2B07471F0097213C /* HRLocalStorage+Helpers.swift */,
				30C9D3122B07495A0097213C /* Managed.swift */,
				30ED089C2B07582B000B0645 /* Model.xcdatamodeld */,
				446CCD482B0A526600903989 /* KeyValueStore.swift */,
			);
			path = HRLocalStorage;
			sourceTree = "<group>";
		};
		30C9D2F02B073ECE0097213C /* HRLocalStorageTests */ = {
			isa = PBXGroup;
			children = (
				30C9D2F12B073ECE0097213C /* HRLocalStorageTests.swift */,
			);
			path = HRLocalStorageTests;
			sourceTree = "<group>";
		};
		30ED08A22B075E8B000B0645 /* extensions */ = {
			isa = PBXGroup;
			children = (
				30ED08A32B075EA3000B0645 /* Extension+NSManagedObjectContext.swift */,
				30ED08A52B075F2F000B0645 /* Extension+CDBook.swift */,
				446CCD132B07A01300903989 /* Extension+CDSavedBook.swift */,
			);
			path = extensions;
			sourceTree = "<group>";
		};
		446CCC462B064CA100903989 = {
			isa = PBXGroup;
			children = (
				446CCC512B064CA100903989 /* HyReadBooks */,
				446CCC682B064CA200903989 /* HyReadBooksTests */,
				446CCC722B064CA200903989 /* HyReadBooksUITests */,
				446CCC8E2B064DA500903989 /* HRLibrary */,
				446CCC9C2B064DA500903989 /* HRLibraryTests */,
				446CCCB32B064E0B00903989 /* HRApi */,
				446CCCC12B064E0B00903989 /* HRApiTests */,
				30C9D2E22B073ECE0097213C /* HRLocalStorage */,
				30C9D2F02B073ECE0097213C /* HRLocalStorageTests */,
				446CCC502B064CA100903989 /* Products */,
				446CCCE32B06521F00903989 /* Frameworks */,
			);
			sourceTree = "<group>";
		};
		446CCC502B064CA100903989 /* Products */ = {
			isa = PBXGroup;
			children = (
				446CCC4F2B064CA100903989 /* HyReadBooks.app */,
				446CCC652B064CA200903989 /* HyReadBooksTests.xctest */,
				446CCC6F2B064CA200903989 /* HyReadBooksUITests.xctest */,
				446CCC8D2B064DA500903989 /* HRLibrary.framework */,
				446CCC962B064DA500903989 /* HRLibraryTests.xctest */,
				446CCCB22B064E0B00903989 /* HRApi.framework */,
				446CCCBB2B064E0B00903989 /* HRApiTests.xctest */,
				30C9D2E12B073ECE0097213C /* HRLocalStorage.framework */,
				30C9D2EA2B073ECE0097213C /* HRLocalStorageTests.xctest */,
			);
			name = Products;
			sourceTree = "<group>";
		};
		446CCC512B064CA100903989 /* HyReadBooks */ = {
			isa = PBXGroup;
			children = (
				446CCD212B08E73100903989 /* SharedViews */,
				446CCD1B2B08E02D00903989 /* Library */,
				446CCCF52B06560A00903989 /* Features */,
				446CCC522B064CA100903989 /* AppDelegate.swift */,
				446CCC542B064CA100903989 /* SceneDelegate.swift */,
				446CCC582B064CA100903989 /* Main.storyboard */,
				446CCC5B2B064CA100903989 /* Assets.xcassets */,
				446CCC5D2B064CA100903989 /* LaunchScreen.storyboard */,
				446CCC602B064CA100903989 /* Info.plist */,
			);
			path = HyReadBooks;
			sourceTree = "<group>";
		};
		446CCC682B064CA200903989 /* HyReadBooksTests */ = {
			isa = PBXGroup;
			children = (
				446CCC692B064CA200903989 /* HyReadBooksTests.swift */,
			);
			path = HyReadBooksTests;
			sourceTree = "<group>";
		};
		446CCC722B064CA200903989 /* HyReadBooksUITests */ = {
			isa = PBXGroup;
			children = (
				446CCC732B064CA200903989 /* HyReadBooksUITests.swift */,
				446CCC752B064CA200903989 /* HyReadBooksUITestsLaunchTests.swift */,
			);
			path = HyReadBooksUITests;
			sourceTree = "<group>";
		};
		446CCC8E2B064DA500903989 /* HRLibrary */ = {
			isa = PBXGroup;
			children = (
				446CCD412B0A3BD300903989 /* BookLayoutTemplateSeletableRow.swift */,
				446CCCFC2B0656F500903989 /* ViewModel */,
				446CCCF92B06569700903989 /* DataSource */,
				446CCCAB2B064DC200903989 /* Environment.swift */,
				446CCCF32B06552E00903989 /* AppEnvironment.swift */,
				446CCD152B0852AD00903989 /* HRCache.swift */,
				446CCD2C2B0A040200903989 /* DomainTransferFunctions.swift */,
			);
			path = HRLibrary;
			sourceTree = "<group>";
		};
		446CCC9C2B064DA500903989 /* HRLibraryTests */ = {
			isa = PBXGroup;
			children = (
				446CCC9D2B064DA500903989 /* HRLibraryTests.swift */,
			);
			path = HRLibraryTests;
			sourceTree = "<group>";
		};
		446CCCB32B064E0B00903989 /* HRApi */ = {
			isa = PBXGroup;
			children = (
				446CCCDA2B06513800903989 /* extensions */,
				446CCCD32B064FAB00903989 /* model */,
				446CCCCF2B064E6900903989 /* ServerConfig.swift */,
				446CCCD42B064FBC00903989 /* HRService.swift */,
				446CCCD12B064F8200903989 /* ServiceProtocol.swift */,
				446CCCD62B06502900903989 /* Route.swift */,
				446CCCD82B06504200903989 /* Method.swift */,
				446CCCE82B06534500903989 /* HRService+Helpers.swift */,
				446CCCEA2B0653B600903989 /* HRService+DecodeHelpers.swift */,
			);
			path = HRApi;
			sourceTree = "<group>";
		};
		446CCCC12B064E0B00903989 /* HRApiTests */ = {
			isa = PBXGroup;
			children = (
				446CCCC22B064E0B00903989 /* HRApiTests.swift */,
			);
			path = HRApiTests;
			sourceTree = "<group>";
		};
		446CCCD32B064FAB00903989 /* model */ = {
			isa = PBXGroup;
			children = (
				446CCCE12B06515E00903989 /* ErrorEnvelope.swift */,
				446CCCEC2B0653FE00903989 /* Book.swift */,
			);
			path = model;
			sourceTree = "<group>";
		};
		446CCCDA2B06513800903989 /* extensions */ = {
			isa = PBXGroup;
			children = (
				446CCCDB2B06513800903989 /* NSURLSession.swift */,
				446CCCDC2B06513800903989 /* Encodable+Dictionary.swift */,
				446CCCDD2B06513800903989 /* Dictionary.swift */,
			);
			path = extensions;
			sourceTree = "<group>";
		};
		446CCCE32B06521F00903989 /* Frameworks */ = {
			isa = PBXGroup;
			children = (
			);
			name = Frameworks;
			sourceTree = "<group>";
		};
		446CCCF52B06560A00903989 /* Features */ = {
			isa = PBXGroup;
			children = (
				446CCD332B0A245500903989 /* BookLayouts */,
				446CCD262B0A006500903989 /* SavedBooks */,
				446CCD072B065A4400903989 /* MyBooks */,
				446CCCF62B06564900903989 /* Root */,
			);
			path = Features;
			sourceTree = "<group>";
		};
		446CCCF62B06564900903989 /* Root */ = {
			isa = PBXGroup;
			children = (
				446CCCF72B06565800903989 /* RootTabBarViewController.swift */,
			);
			path = Root;
			sourceTree = "<group>";
		};
		446CCCF92B06569700903989 /* DataSource */ = {
			isa = PBXGroup;
			children = (
				446CCCFA2B0656AB00903989 /* UIViewController+Preparation.swift */,
				446CCCFF2B0658E700903989 /* Optional+Extension.swift */,
			);
			path = DataSource;
			sourceTree = "<group>";
		};
		446CCCFC2B0656F500903989 /* ViewModel */ = {
			isa = PBXGroup;
			children = (
				446CCCFD2B06572D00903989 /* RootViewModel.swift */,
				446CCD0E2B0663AA00903989 /* WatchBookViewModel.swift */,
				446CCD112B06686700903989 /* MyBooksViewModel.swift */,
				30C9D2D52B0737880097213C /* MyBookViewModel.swift */,
				446CCD2A2B0A028400903989 /* SavedBooksViewModel.swift */,
				446CCD432B0A3C8C00903989 /* BookLayoutTemplatCellViewModel.swift */,
				446CCD462B0A407E00903989 /* BookLayoutTemplateViewModel.swift */,
			);
			path = ViewModel;
			sourceTree = "<group>";
		};
		446CCD072B065A4400903989 /* MyBooks */ = {
			isa = PBXGroup;
			children = (
				446CCD0B2B06621100903989 /* Cell */,
				446CCD0A2B06620500903989 /* ViewControllers */,
			);
			path = MyBooks;
			sourceTree = "<group>";
		};
		446CCD0A2B06620500903989 /* ViewControllers */ = {
			isa = PBXGroup;
			children = (
				446CCD082B065AF500903989 /* MyBooksViewController.swift */,
			);
			path = ViewControllers;
			sourceTree = "<group>";
		};
		446CCD0B2B06621100903989 /* Cell */ = {
			isa = PBXGroup;
			children = (
				446CCD0C2B06621E00903989 /* BookCell.swift */,
			);
			path = Cell;
			sourceTree = "<group>";
		};
		446CCD1B2B08E02D00903989 /* Library */ = {
			isa = PBXGroup;
			children = (
				446CCD172B08DF8C00903989 /* SharedFunctions.swift */,
				446CCD192B08DFD600903989 /* UIFeedBackGenerationType.swift */,
			);
			path = Library;
			sourceTree = "<group>";
		};
		446CCD212B08E73100903989 /* SharedViews */ = {
			isa = PBXGroup;
			children = (
				446CCD2E2B0A148A00903989 /* Transitions */,
				446CCD222B08E74300903989 /* WrapperView.swift */,
				446CCD242B08EB0100903989 /* UIView+SnackBar.swift */,
				446CCD312B0A1CAE00903989 /* Extension+UICollectionViewCompositionalLayout.swift */,
				446CCD3C2B0A2BBA00903989 /* ShapeView.swift */,
			);
			path = SharedViews;
			sourceTree = "<group>";
		};
		446CCD262B0A006500903989 /* SavedBooks */ = {
			isa = PBXGroup;
			children = (
				446CCD292B0A007B00903989 /* ViewControllers */,
			);
			path = SavedBooks;
			sourceTree = "<group>";
		};
		446CCD292B0A007B00903989 /* ViewControllers */ = {
			isa = PBXGroup;
			children = (
				446CCD272B0A007400903989 /* SavedBookViewController.swift */,
			);
			path = ViewControllers;
			sourceTree = "<group>";
		};
		446CCD2E2B0A148A00903989 /* Transitions */ = {
			isa = PBXGroup;
			children = (
				446CCD2F2B0A14B100903989 /* CrossDissolveTranstionAnimator.swift */,
			);
			path = Transitions;
			sourceTree = "<group>";
		};
		446CCD332B0A245500903989 /* BookLayouts */ = {
			isa = PBXGroup;
			children = (
				446CCD372B0A250900903989 /* Cells */,
				446CCD342B0A247400903989 /* ViewControllers */,
			);
			path = BookLayouts;
			sourceTree = "<group>";
		};
		446CCD342B0A247400903989 /* ViewControllers */ = {
			isa = PBXGroup;
			children = (
				446CCD352B0A248600903989 /* BookLayoutTemplateViewController.swift */,
			);
			path = ViewControllers;
			sourceTree = "<group>";
		};
		446CCD372B0A250900903989 /* Cells */ = {
			isa = PBXGroup;
			children = (
				446CCD382B0A251800903989 /* BookLayoutTemplateCell.swift */,
				446CCD3A2B0A2ACD00903989 /* BookLayoutTemplateView.swift */,
			);
			path = Cells;
			sourceTree = "<group>";
		};
		446CCD3E2B0A398A00903989 /* models */ = {
			isa = PBXGroup;
			children = (
				446CCD3F2B0A399A00903989 /* BookLayoutTemplateParams.swift */,
			);
			path = models;
			sourceTree = "<group>";
		};
/* End PBXGroup section */

/* Begin PBXHeadersBuildPhase section */
		30C9D2DC2B073ECE0097213C /* Headers */ = {
			isa = PBXHeadersBuildPhase;
			buildActionMask = 2147483647;
			files = (
			);
			runOnlyForDeploymentPostprocessing = 0;
		};
		446CCC882B064DA500903989 /* Headers */ = {
			isa = PBXHeadersBuildPhase;
			buildActionMask = 2147483647;
			files = (
			);
			runOnlyForDeploymentPostprocessing = 0;
		};
		446CCCAD2B064E0B00903989 /* Headers */ = {
			isa = PBXHeadersBuildPhase;
			buildActionMask = 2147483647;
			files = (
			);
			runOnlyForDeploymentPostprocessing = 0;
		};
/* End PBXHeadersBuildPhase section */

/* Begin PBXNativeTarget section */
		30C9D2E02B073ECE0097213C /* HRLocalStorage */ = {
			isa = PBXNativeTarget;
			buildConfigurationList = 30C9D2F82B073ECF0097213C /* Build configuration list for PBXNativeTarget "HRLocalStorage" */;
			buildPhases = (
				30C9D2DC2B073ECE0097213C /* Headers */,
				30C9D2DD2B073ECE0097213C /* Sources */,
				30C9D2DE2B073ECE0097213C /* Frameworks */,
				30C9D2DF2B073ECE0097213C /* Resources */,
				30ED08AB2B075F65000B0645 /* Embed Frameworks */,
			);
			buildRules = (
			);
			dependencies = (
				30ED08AA2B075F65000B0645 /* PBXTargetDependency */,
			);
			name = HRLocalStorage;
			packageProductDependencies = (
				30C9D30A2B07466F0097213C /* RxCocoa */,
				30C9D30C2B07466F0097213C /* RxSwift */,
			);
			productName = HRLocalStorage;
			productReference = 30C9D2E12B073ECE0097213C /* HRLocalStorage.framework */;
			productType = "com.apple.product-type.framework";
		};
		30C9D2E92B073ECE0097213C /* HRLocalStorageTests */ = {
			isa = PBXNativeTarget;
			buildConfigurationList = 30C9D2FB2B073ECF0097213C /* Build configuration list for PBXNativeTarget "HRLocalStorageTests" */;
			buildPhases = (
				30C9D2E62B073ECE0097213C /* Sources */,
				30C9D2E72B073ECE0097213C /* Frameworks */,
				30C9D2E82B073ECE0097213C /* Resources */,
			);
			buildRules = (
			);
			dependencies = (
				30C9D2ED2B073ECE0097213C /* PBXTargetDependency */,
				30C9D2EF2B073ECE0097213C /* PBXTargetDependency */,
			);
			name = HRLocalStorageTests;
			productName = HRLocalStorageTests;
			productReference = 30C9D2EA2B073ECE0097213C /* HRLocalStorageTests.xctest */;
			productType = "com.apple.product-type.bundle.unit-test";
		};
		446CCC4E2B064CA100903989 /* HyReadBooks */ = {
			isa = PBXNativeTarget;
			buildConfigurationList = 446CCC792B064CA200903989 /* Build configuration list for PBXNativeTarget "HyReadBooks" */;
			buildPhases = (
				446CCC4B2B064CA100903989 /* Sources */,
				446CCC4C2B064CA100903989 /* Frameworks */,
				446CCC4D2B064CA100903989 /* Resources */,
				446CCCA72B064DA500903989 /* Embed Frameworks */,
			);
			buildRules = (
			);
			dependencies = (
				446CCCA12B064DA500903989 /* PBXTargetDependency */,
				446CCCC62B064E0B00903989 /* PBXTargetDependency */,
				30C9D2F52B073ECE0097213C /* PBXTargetDependency */,
			);
			name = HyReadBooks;
			packageProductDependencies = (
				446CCC832B064D5A00903989 /* RxCocoa */,
				446CCC862B064D6A00903989 /* Kingfisher */,
				446CCD012B0659EA00903989 /* RxSwift */,
				446CCD1F2B08E43F00903989 /* Popover */,
			);
			productName = HyReadBooks;
			productReference = 446CCC4F2B064CA100903989 /* HyReadBooks.app */;
			productType = "com.apple.product-type.application";
		};
		446CCC642B064CA200903989 /* HyReadBooksTests */ = {
			isa = PBXNativeTarget;
			buildConfigurationList = 446CCC7C2B064CA200903989 /* Build configuration list for PBXNativeTarget "HyReadBooksTests" */;
			buildPhases = (
				446CCC612B064CA200903989 /* Sources */,
				446CCC622B064CA200903989 /* Frameworks */,
				446CCC632B064CA200903989 /* Resources */,
			);
			buildRules = (
			);
			dependencies = (
				446CCC672B064CA200903989 /* PBXTargetDependency */,
			);
			name = HyReadBooksTests;
			productName = HyReadBooksTests;
			productReference = 446CCC652B064CA200903989 /* HyReadBooksTests.xctest */;
			productType = "com.apple.product-type.bundle.unit-test";
		};
		446CCC6E2B064CA200903989 /* HyReadBooksUITests */ = {
			isa = PBXNativeTarget;
			buildConfigurationList = 446CCC7F2B064CA200903989 /* Build configuration list for PBXNativeTarget "HyReadBooksUITests" */;
			buildPhases = (
				446CCC6B2B064CA200903989 /* Sources */,
				446CCC6C2B064CA200903989 /* Frameworks */,
				446CCC6D2B064CA200903989 /* Resources */,
			);
			buildRules = (
			);
			dependencies = (
				446CCC712B064CA200903989 /* PBXTargetDependency */,
			);
			name = HyReadBooksUITests;
			productName = HyReadBooksUITests;
			productReference = 446CCC6F2B064CA200903989 /* HyReadBooksUITests.xctest */;
			productType = "com.apple.product-type.bundle.ui-testing";
		};
		446CCC8C2B064DA500903989 /* HRLibrary */ = {
			isa = PBXNativeTarget;
			buildConfigurationList = 446CCCA42B064DA500903989 /* Build configuration list for PBXNativeTarget "HRLibrary" */;
			buildPhases = (
				446CCC882B064DA500903989 /* Headers */,
				446CCC892B064DA500903989 /* Sources */,
				446CCC8A2B064DA500903989 /* Frameworks */,
				446CCC8B2B064DA500903989 /* Resources */,
				446CCCF22B06551F00903989 /* Embed Frameworks */,
			);
			buildRules = (
			);
			dependencies = (
				446CCCF12B06551F00903989 /* PBXTargetDependency */,
				30ED08AF2B076239000B0645 /* PBXTargetDependency */,
			);
			name = HRLibrary;
			packageProductDependencies = (
				446CCD032B065A0100903989 /* RxCocoa */,
				446CCD052B065A0400903989 /* RxSwift */,
			);
			productName = HRLibrary;
			productReference = 446CCC8D2B064DA500903989 /* HRLibrary.framework */;
			productType = "com.apple.product-type.framework";
		};
		446CCC952B064DA500903989 /* HRLibraryTests */ = {
			isa = PBXNativeTarget;
			buildConfigurationList = 446CCCA82B064DA500903989 /* Build configuration list for PBXNativeTarget "HRLibraryTests" */;
			buildPhases = (
				446CCC922B064DA500903989 /* Sources */,
				446CCC932B064DA500903989 /* Frameworks */,
				446CCC942B064DA500903989 /* Resources */,
			);
			buildRules = (
			);
			dependencies = (
				446CCC992B064DA500903989 /* PBXTargetDependency */,
				446CCC9B2B064DA500903989 /* PBXTargetDependency */,
			);
			name = HRLibraryTests;
			productName = HRLibraryTests;
			productReference = 446CCC962B064DA500903989 /* HRLibraryTests.xctest */;
			productType = "com.apple.product-type.bundle.unit-test";
		};
		446CCCB12B064E0B00903989 /* HRApi */ = {
			isa = PBXNativeTarget;
			buildConfigurationList = 446CCCC92B064E0B00903989 /* Build configuration list for PBXNativeTarget "HRApi" */;
			buildPhases = (
				446CCCAD2B064E0B00903989 /* Headers */,
				446CCCAE2B064E0B00903989 /* Sources */,
				446CCCAF2B064E0B00903989 /* Frameworks */,
				446CCCB02B064E0B00903989 /* Resources */,
			);
			buildRules = (
			);
			dependencies = (
			);
			name = HRApi;
			packageProductDependencies = (
				446CCCE42B06521F00903989 /* RxCocoa */,
				446CCCE62B06521F00903989 /* RxSwift */,
			);
			productName = HRApi;
			productReference = 446CCCB22B064E0B00903989 /* HRApi.framework */;
			productType = "com.apple.product-type.framework";
		};
		446CCCBA2B064E0B00903989 /* HRApiTests */ = {
			isa = PBXNativeTarget;
			buildConfigurationList = 446CCCCC2B064E0B00903989 /* Build configuration list for PBXNativeTarget "HRApiTests" */;
			buildPhases = (
				446CCCB72B064E0B00903989 /* Sources */,
				446CCCB82B064E0B00903989 /* Frameworks */,
				446CCCB92B064E0B00903989 /* Resources */,
			);
			buildRules = (
			);
			dependencies = (
				446CCCBE2B064E0B00903989 /* PBXTargetDependency */,
				446CCCC02B064E0B00903989 /* PBXTargetDependency */,
			);
			name = HRApiTests;
			productName = HRApiTests;
			productReference = 446CCCBB2B064E0B00903989 /* HRApiTests.xctest */;
			productType = "com.apple.product-type.bundle.unit-test";
		};
/* End PBXNativeTarget section */

/* Begin PBXProject section */
		446CCC472B064CA100903989 /* Project object */ = {
			isa = PBXProject;
			attributes = {
				BuildIndependentTargetsInParallel = 1;
				LastSwiftUpdateCheck = 1500;
				LastUpgradeCheck = 1500;
				TargetAttributes = {
					30C9D2E02B073ECE0097213C = {
						CreatedOnToolsVersion = 15.0;
						LastSwiftMigration = 1500;
					};
					30C9D2E92B073ECE0097213C = {
						CreatedOnToolsVersion = 15.0;
						TestTargetID = 446CCC4E2B064CA100903989;
					};
					446CCC4E2B064CA100903989 = {
						CreatedOnToolsVersion = 15.0;
					};
					446CCC642B064CA200903989 = {
						CreatedOnToolsVersion = 15.0;
						TestTargetID = 446CCC4E2B064CA100903989;
					};
					446CCC6E2B064CA200903989 = {
						CreatedOnToolsVersion = 15.0;
						TestTargetID = 446CCC4E2B064CA100903989;
					};
					446CCC8C2B064DA500903989 = {
						CreatedOnToolsVersion = 15.0;
						LastSwiftMigration = 1500;
					};
					446CCC952B064DA500903989 = {
						CreatedOnToolsVersion = 15.0;
						TestTargetID = 446CCC4E2B064CA100903989;
					};
					446CCCB12B064E0B00903989 = {
						CreatedOnToolsVersion = 15.0;
						LastSwiftMigration = 1500;
					};
					446CCCBA2B064E0B00903989 = {
						CreatedOnToolsVersion = 15.0;
						TestTargetID = 446CCC4E2B064CA100903989;
					};
				};
			};
			buildConfigurationList = 446CCC4A2B064CA100903989 /* Build configuration list for PBXProject "HyReadBooks" */;
			compatibilityVersion = "Xcode 14.0";
			developmentRegion = en;
			hasScannedForEncodings = 0;
			knownRegions = (
				en,
				Base,
			);
			mainGroup = 446CCC462B064CA100903989;
			packageReferences = (
				446CCC822B064D5A00903989 /* XCRemoteSwiftPackageReference "RxSwift" */,
				446CCC852B064D6A00903989 /* XCRemoteSwiftPackageReference "Kingfisher" */,
				446CCD1E2B08E43F00903989 /* XCRemoteSwiftPackageReference "Popover" */,
			);
			productRefGroup = 446CCC502B064CA100903989 /* Products */;
			projectDirPath = "";
			projectRoot = "";
			targets = (
				446CCC4E2B064CA100903989 /* HyReadBooks */,
				446CCC642B064CA200903989 /* HyReadBooksTests */,
				446CCC6E2B064CA200903989 /* HyReadBooksUITests */,
				446CCC8C2B064DA500903989 /* HRLibrary */,
				446CCC952B064DA500903989 /* HRLibraryTests */,
				446CCCB12B064E0B00903989 /* HRApi */,
				446CCCBA2B064E0B00903989 /* HRApiTests */,
				30C9D2E02B073ECE0097213C /* HRLocalStorage */,
				30C9D2E92B073ECE0097213C /* HRLocalStorageTests */,
			);
		};
/* End PBXProject section */

/* Begin PBXResourcesBuildPhase section */
		30C9D2DF2B073ECE0097213C /* Resources */ = {
			isa = PBXResourcesBuildPhase;
			buildActionMask = 2147483647;
			files = (
			);
			runOnlyForDeploymentPostprocessing = 0;
		};
		30C9D2E82B073ECE0097213C /* Resources */ = {
			isa = PBXResourcesBuildPhase;
			buildActionMask = 2147483647;
			files = (
			);
			runOnlyForDeploymentPostprocessing = 0;
		};
		446CCC4D2B064CA100903989 /* Resources */ = {
			isa = PBXResourcesBuildPhase;
			buildActionMask = 2147483647;
			files = (
				446CCC5F2B064CA100903989 /* LaunchScreen.storyboard in Resources */,
				446CCC5C2B064CA100903989 /* Assets.xcassets in Resources */,
				446CCC5A2B064CA100903989 /* Main.storyboard in Resources */,
			);
			runOnlyForDeploymentPostprocessing = 0;
		};
		446CCC632B064CA200903989 /* Resources */ = {
			isa = PBXResourcesBuildPhase;
			buildActionMask = 2147483647;
			files = (
			);
			runOnlyForDeploymentPostprocessing = 0;
		};
		446CCC6D2B064CA200903989 /* Resources */ = {
			isa = PBXResourcesBuildPhase;
			buildActionMask = 2147483647;
			files = (
			);
			runOnlyForDeploymentPostprocessing = 0;
		};
		446CCC8B2B064DA500903989 /* Resources */ = {
			isa = PBXResourcesBuildPhase;
			buildActionMask = 2147483647;
			files = (
			);
			runOnlyForDeploymentPostprocessing = 0;
		};
		446CCC942B064DA500903989 /* Resources */ = {
			isa = PBXResourcesBuildPhase;
			buildActionMask = 2147483647;
			files = (
			);
			runOnlyForDeploymentPostprocessing = 0;
		};
		446CCCB02B064E0B00903989 /* Resources */ = {
			isa = PBXResourcesBuildPhase;
			buildActionMask = 2147483647;
			files = (
			);
			runOnlyForDeploymentPostprocessing = 0;
		};
		446CCCB92B064E0B00903989 /* Resources */ = {
			isa = PBXResourcesBuildPhase;
			buildActionMask = 2147483647;
			files = (
			);
			runOnlyForDeploymentPostprocessing = 0;
		};
/* End PBXResourcesBuildPhase section */

/* Begin PBXSourcesBuildPhase section */
		30C9D2DD2B073ECE0097213C /* Sources */ = {
			isa = PBXSourcesBuildPhase;
			buildActionMask = 2147483647;
			files = (
				446CCD492B0A526600903989 /* KeyValueStore.swift in Sources */,
				30C9D30F2B07471F0097213C /* HRLocalStorage+Helpers.swift in Sources */,
				30ED08A62B075F2F000B0645 /* Extension+CDBook.swift in Sources */,
				446CCD402B0A399A00903989 /* BookLayoutTemplateParams.swift in Sources */,
				30ED08A42B075EA3000B0645 /* Extension+NSManagedObjectContext.swift in Sources */,
				30C9D3042B07444B0097213C /* LocalStorageProtocol.swift in Sources */,
				30C9D3062B0744A80097213C /* HRLocalStorage.swift in Sources */,
				30C9D3132B07495A0097213C /* Managed.swift in Sources */,
				30C9D3022B0741170097213C /* CoreDataStack.swift in Sources */,
				30ED089E2B07582B000B0645 /* Model.xcdatamodeld in Sources */,
				446CCD142B07A01300903989 /* Extension+CDSavedBook.swift in Sources */,
			);
			runOnlyForDeploymentPostprocessing = 0;
		};
		30C9D2E62B073ECE0097213C /* Sources */ = {
			isa = PBXSourcesBuildPhase;
			buildActionMask = 2147483647;
			files = (
				30C9D2F22B073ECE0097213C /* HRLocalStorageTests.swift in Sources */,
			);
			runOnlyForDeploymentPostprocessing = 0;
		};
		446CCC4B2B064CA100903989 /* Sources */ = {
			isa = PBXSourcesBuildPhase;
			buildActionMask = 2147483647;
			files = (
				446CCC532B064CA100903989 /* AppDelegate.swift in Sources */,
				446CCD282B0A007400903989 /* SavedBookViewController.swift in Sources */,
				446CCD252B08EB0100903989 /* UIView+SnackBar.swift in Sources */,
				446CCD1D2B08E05500903989 /* UIFeedBackGenerationType.swift in Sources */,
				446CCD3B2B0A2ACD00903989 /* BookLayoutTemplateView.swift in Sources */,
				446CCD092B065AF500903989 /* MyBooksViewController.swift in Sources */,
				446CCD3D2B0A2BBA00903989 /* ShapeView.swift in Sources */,
				446CCD392B0A251800903989 /* BookLayoutTemplateCell.swift in Sources */,
				446CCCF82B06565800903989 /* RootTabBarViewController.swift in Sources */,
				446CCC552B064CA100903989 /* SceneDelegate.swift in Sources */,
				446CCD1C2B08E05200903989 /* SharedFunctions.swift in Sources */,
				446CCD232B08E74300903989 /* WrapperView.swift in Sources */,
				446CCD302B0A14B100903989 /* CrossDissolveTranstionAnimator.swift in Sources */,
				446CCD322B0A1CAE00903989 /* Extension+UICollectionViewCompositionalLayout.swift in Sources */,
				446CCD0D2B06621E00903989 /* BookCell.swift in Sources */,
				446CCD362B0A248600903989 /* BookLayoutTemplateViewController.swift in Sources */,
			);
			runOnlyForDeploymentPostprocessing = 0;
		};
		446CCC612B064CA200903989 /* Sources */ = {
			isa = PBXSourcesBuildPhase;
			buildActionMask = 2147483647;
			files = (
				446CCC6A2B064CA200903989 /* HyReadBooksTests.swift in Sources */,
			);
			runOnlyForDeploymentPostprocessing = 0;
		};
		446CCC6B2B064CA200903989 /* Sources */ = {
			isa = PBXSourcesBuildPhase;
			buildActionMask = 2147483647;
			files = (
				446CCC762B064CA200903989 /* HyReadBooksUITestsLaunchTests.swift in Sources */,
				446CCC742B064CA200903989 /* HyReadBooksUITests.swift in Sources */,
			);
			runOnlyForDeploymentPostprocessing = 0;
		};
		446CCC892B064DA500903989 /* Sources */ = {
			isa = PBXSourcesBuildPhase;
			buildActionMask = 2147483647;
			files = (
				446CCD122B06686700903989 /* MyBooksViewModel.swift in Sources */,
				446CCCFB2B0656AB00903989 /* UIViewController+Preparation.swift in Sources */,
				446CCD2D2B0A040200903989 /* DomainTransferFunctions.swift in Sources */,
				446CCD162B0852AD00903989 /* HRCache.swift in Sources */,
				446CCD452B0A3DFA00903989 /* BookLayoutTemplateSeletableRow.swift in Sources */,
				446CCD472B0A407E00903989 /* BookLayoutTemplateViewModel.swift in Sources */,
				446CCCAC2B064DC200903989 /* Environment.swift in Sources */,
				446CCD002B0658E700903989 /* Optional+Extension.swift in Sources */,
				446CCCFE2B06572D00903989 /* RootViewModel.swift in Sources */,
				30C9D2D62B0737880097213C /* MyBookViewModel.swift in Sources */,
				446CCCF42B06552E00903989 /* AppEnvironment.swift in Sources */,
				446CCD0F2B0663AA00903989 /* WatchBookViewModel.swift in Sources */,
				446CCD2B2B0A028400903989 /* SavedBooksViewModel.swift in Sources */,
				446CCD442B0A3C8C00903989 /* BookLayoutTemplatCellViewModel.swift in Sources */,
			);
			runOnlyForDeploymentPostprocessing = 0;
		};
		446CCC922B064DA500903989 /* Sources */ = {
			isa = PBXSourcesBuildPhase;
			buildActionMask = 2147483647;
			files = (
				446CCC9E2B064DA500903989 /* HRLibraryTests.swift in Sources */,
			);
			runOnlyForDeploymentPostprocessing = 0;
		};
		446CCCAE2B064E0B00903989 /* Sources */ = {
			isa = PBXSourcesBuildPhase;
			buildActionMask = 2147483647;
			files = (
				446CCCEB2B0653B600903989 /* HRService+DecodeHelpers.swift in Sources */,
				446CCCD92B06504200903989 /* Method.swift in Sources */,
				446CCCE92B06534500903989 /* HRService+Helpers.swift in Sources */,
				446CCCE02B06513800903989 /* Dictionary.swift in Sources */,
				446CCCD02B064E6900903989 /* ServerConfig.swift in Sources */,
				446CCCE22B06515E00903989 /* ErrorEnvelope.swift in Sources */,
				446CCCD72B06502900903989 /* Route.swift in Sources */,
				446CCCD22B064F8200903989 /* ServiceProtocol.swift in Sources */,
				446CCCED2B0653FE00903989 /* Book.swift in Sources */,
				446CCCD52B064FBC00903989 /* HRService.swift in Sources */,
				446CCCDF2B06513800903989 /* Encodable+Dictionary.swift in Sources */,
				446CCCDE2B06513800903989 /* NSURLSession.swift in Sources */,
			);
			runOnlyForDeploymentPostprocessing = 0;
		};
		446CCCB72B064E0B00903989 /* Sources */ = {
			isa = PBXSourcesBuildPhase;
			buildActionMask = 2147483647;
			files = (
				446CCCC32B064E0B00903989 /* HRApiTests.swift in Sources */,
			);
			runOnlyForDeploymentPostprocessing = 0;
		};
/* End PBXSourcesBuildPhase section */

/* Begin PBXTargetDependency section */
		30C9D2ED2B073ECE0097213C /* PBXTargetDependency */ = {
			isa = PBXTargetDependency;
			target = 30C9D2E02B073ECE0097213C /* HRLocalStorage */;
			targetProxy = 30C9D2EC2B073ECE0097213C /* PBXContainerItemProxy */;
		};
		30C9D2EF2B073ECE0097213C /* PBXTargetDependency */ = {
			isa = PBXTargetDependency;
			target = 446CCC4E2B064CA100903989 /* HyReadBooks */;
			targetProxy = 30C9D2EE2B073ECE0097213C /* PBXContainerItemProxy */;
		};
		30C9D2F52B073ECE0097213C /* PBXTargetDependency */ = {
			isa = PBXTargetDependency;
			target = 30C9D2E02B073ECE0097213C /* HRLocalStorage */;
			targetProxy = 30C9D2F42B073ECE0097213C /* PBXContainerItemProxy */;
		};
		30ED08AA2B075F65000B0645 /* PBXTargetDependency */ = {
			isa = PBXTargetDependency;
			target = 446CCCB12B064E0B00903989 /* HRApi */;
			targetProxy = 30ED08A92B075F65000B0645 /* PBXContainerItemProxy */;
		};
		30ED08AF2B076239000B0645 /* PBXTargetDependency */ = {
			isa = PBXTargetDependency;
			target = 30C9D2E02B073ECE0097213C /* HRLocalStorage */;
			targetProxy = 30ED08AE2B076239000B0645 /* PBXContainerItemProxy */;
		};
		446CCC672B064CA200903989 /* PBXTargetDependency */ = {
			isa = PBXTargetDependency;
			target = 446CCC4E2B064CA100903989 /* HyReadBooks */;
			targetProxy = 446CCC662B064CA200903989 /* PBXContainerItemProxy */;
		};
		446CCC712B064CA200903989 /* PBXTargetDependency */ = {
			isa = PBXTargetDependency;
			target = 446CCC4E2B064CA100903989 /* HyReadBooks */;
			targetProxy = 446CCC702B064CA200903989 /* PBXContainerItemProxy */;
		};
		446CCC992B064DA500903989 /* PBXTargetDependency */ = {
			isa = PBXTargetDependency;
			target = 446CCC8C2B064DA500903989 /* HRLibrary */;
			targetProxy = 446CCC982B064DA500903989 /* PBXContainerItemProxy */;
		};
		446CCC9B2B064DA500903989 /* PBXTargetDependency */ = {
			isa = PBXTargetDependency;
			target = 446CCC4E2B064CA100903989 /* HyReadBooks */;
			targetProxy = 446CCC9A2B064DA500903989 /* PBXContainerItemProxy */;
		};
		446CCCA12B064DA500903989 /* PBXTargetDependency */ = {
			isa = PBXTargetDependency;
			target = 446CCC8C2B064DA500903989 /* HRLibrary */;
			targetProxy = 446CCCA02B064DA500903989 /* PBXContainerItemProxy */;
		};
		446CCCBE2B064E0B00903989 /* PBXTargetDependency */ = {
			isa = PBXTargetDependency;
			target = 446CCCB12B064E0B00903989 /* HRApi */;
			targetProxy = 446CCCBD2B064E0B00903989 /* PBXContainerItemProxy */;
		};
		446CCCC02B064E0B00903989 /* PBXTargetDependency */ = {
			isa = PBXTargetDependency;
			target = 446CCC4E2B064CA100903989 /* HyReadBooks */;
			targetProxy = 446CCCBF2B064E0B00903989 /* PBXContainerItemProxy */;
		};
		446CCCC62B064E0B00903989 /* PBXTargetDependency */ = {
			isa = PBXTargetDependency;
			target = 446CCCB12B064E0B00903989 /* HRApi */;
			targetProxy = 446CCCC52B064E0B00903989 /* PBXContainerItemProxy */;
		};
		446CCCF12B06551F00903989 /* PBXTargetDependency */ = {
			isa = PBXTargetDependency;
			target = 446CCCB12B064E0B00903989 /* HRApi */;
			targetProxy = 446CCCF02B06551F00903989 /* PBXContainerItemProxy */;
		};
/* End PBXTargetDependency section */

/* Begin PBXVariantGroup section */
		446CCC582B064CA100903989 /* Main.storyboard */ = {
			isa = PBXVariantGroup;
			children = (
				446CCC592B064CA100903989 /* Base */,
			);
			name = Main.storyboard;
			sourceTree = "<group>";
		};
		446CCC5D2B064CA100903989 /* LaunchScreen.storyboard */ = {
			isa = PBXVariantGroup;
			children = (
				446CCC5E2B064CA100903989 /* Base */,
			);
			name = LaunchScreen.storyboard;
			sourceTree = "<group>";
		};
/* End PBXVariantGroup section */

/* Begin XCBuildConfiguration section */
		30C9D2F92B073ECF0097213C /* Debug */ = {
			isa = XCBuildConfiguration;
			buildSettings = {
				CLANG_ENABLE_MODULES = YES;
				CODE_SIGN_IDENTITY = "Apple Development";
				CODE_SIGN_STYLE = Automatic;
				CURRENT_PROJECT_VERSION = 1;
				DEFINES_MODULE = YES;
				DEVELOPMENT_TEAM = 6GH2ZWT255;
				DYLIB_COMPATIBILITY_VERSION = 1;
				DYLIB_CURRENT_VERSION = 1;
				DYLIB_INSTALL_NAME_BASE = "@rpath";
				ENABLE_MODULE_VERIFIER = YES;
				GENERATE_INFOPLIST_FILE = YES;
				INFOPLIST_KEY_NSHumanReadableCopyright = "";
				INSTALL_PATH = "$(LOCAL_LIBRARY_DIR)/Frameworks";
				LD_RUNPATH_SEARCH_PATHS = (
					"$(inherited)",
					"@executable_path/Frameworks",
					"@loader_path/Frameworks",
				);
				MARKETING_VERSION = 1.0;
				MODULE_VERIFIER_SUPPORTED_LANGUAGES = "objective-c objective-c++";
				MODULE_VERIFIER_SUPPORTED_LANGUAGE_STANDARDS = "gnu17 gnu++20";
				PRODUCT_BUNDLE_IDENTIFIER = bingbing.HRLocalStorage;
				PRODUCT_NAME = "$(TARGET_NAME:c99extidentifier)";
				SKIP_INSTALL = YES;
				SWIFT_EMIT_LOC_STRINGS = YES;
				SWIFT_OPTIMIZATION_LEVEL = "-Onone";
				SWIFT_VERSION = 5.0;
				TARGETED_DEVICE_FAMILY = "1,2";
				VERSIONING_SYSTEM = "apple-generic";
				VERSION_INFO_PREFIX = "";
			};
			name = Debug;
		};
		30C9D2FA2B073ECF0097213C /* Release */ = {
			isa = XCBuildConfiguration;
			buildSettings = {
				CLANG_ENABLE_MODULES = YES;
				CODE_SIGN_IDENTITY = "Apple Development";
				CODE_SIGN_STYLE = Automatic;
				CURRENT_PROJECT_VERSION = 1;
				DEFINES_MODULE = YES;
				DEVELOPMENT_TEAM = 6GH2ZWT255;
				DYLIB_COMPATIBILITY_VERSION = 1;
				DYLIB_CURRENT_VERSION = 1;
				DYLIB_INSTALL_NAME_BASE = "@rpath";
				ENABLE_MODULE_VERIFIER = YES;
				GENERATE_INFOPLIST_FILE = YES;
				INFOPLIST_KEY_NSHumanReadableCopyright = "";
				INSTALL_PATH = "$(LOCAL_LIBRARY_DIR)/Frameworks";
				LD_RUNPATH_SEARCH_PATHS = (
					"$(inherited)",
					"@executable_path/Frameworks",
					"@loader_path/Frameworks",
				);
				MARKETING_VERSION = 1.0;
				MODULE_VERIFIER_SUPPORTED_LANGUAGES = "objective-c objective-c++";
				MODULE_VERIFIER_SUPPORTED_LANGUAGE_STANDARDS = "gnu17 gnu++20";
				PRODUCT_BUNDLE_IDENTIFIER = bingbing.HRLocalStorage;
				PRODUCT_NAME = "$(TARGET_NAME:c99extidentifier)";
				SKIP_INSTALL = YES;
				SWIFT_EMIT_LOC_STRINGS = YES;
				SWIFT_VERSION = 5.0;
				TARGETED_DEVICE_FAMILY = "1,2";
				VERSIONING_SYSTEM = "apple-generic";
				VERSION_INFO_PREFIX = "";
			};
			name = Release;
		};
		30C9D2FC2B073ECF0097213C /* Debug */ = {
			isa = XCBuildConfiguration;
			buildSettings = {
				ALWAYS_EMBED_SWIFT_STANDARD_LIBRARIES = YES;
				CODE_SIGN_STYLE = Automatic;
				CURRENT_PROJECT_VERSION = 1;
				GENERATE_INFOPLIST_FILE = YES;
				MARKETING_VERSION = 1.0;
				PRODUCT_BUNDLE_IDENTIFIER = bingbing.HRLocalStorageTests;
				PRODUCT_NAME = "$(TARGET_NAME)";
				SWIFT_EMIT_LOC_STRINGS = NO;
				SWIFT_VERSION = 5.0;
				TARGETED_DEVICE_FAMILY = "1,2";
				TEST_HOST = "$(BUILT_PRODUCTS_DIR)/HyReadBooks.app/$(BUNDLE_EXECUTABLE_FOLDER_PATH)/HyReadBooks";
			};
			name = Debug;
		};
		30C9D2FD2B073ECF0097213C /* Release */ = {
			isa = XCBuildConfiguration;
			buildSettings = {
				ALWAYS_EMBED_SWIFT_STANDARD_LIBRARIES = YES;
				CODE_SIGN_STYLE = Automatic;
				CURRENT_PROJECT_VERSION = 1;
				GENERATE_INFOPLIST_FILE = YES;
				MARKETING_VERSION = 1.0;
				PRODUCT_BUNDLE_IDENTIFIER = bingbing.HRLocalStorageTests;
				PRODUCT_NAME = "$(TARGET_NAME)";
				SWIFT_EMIT_LOC_STRINGS = NO;
				SWIFT_VERSION = 5.0;
				TARGETED_DEVICE_FAMILY = "1,2";
				TEST_HOST = "$(BUILT_PRODUCTS_DIR)/HyReadBooks.app/$(BUNDLE_EXECUTABLE_FOLDER_PATH)/HyReadBooks";
			};
			name = Release;
		};
		446CCC772B064CA200903989 /* Debug */ = {
			isa = XCBuildConfiguration;
			buildSettings = {
				ALWAYS_SEARCH_USER_PATHS = NO;
				ASSETCATALOG_COMPILER_GENERATE_SWIFT_ASSET_SYMBOL_EXTENSIONS = YES;
				CLANG_ANALYZER_NONNULL = YES;
				CLANG_ANALYZER_NUMBER_OBJECT_CONVERSION = YES_AGGRESSIVE;
				CLANG_CXX_LANGUAGE_STANDARD = "gnu++20";
				CLANG_ENABLE_MODULES = YES;
				CLANG_ENABLE_OBJC_ARC = YES;
				CLANG_ENABLE_OBJC_WEAK = YES;
				CLANG_WARN_BLOCK_CAPTURE_AUTORELEASING = YES;
				CLANG_WARN_BOOL_CONVERSION = YES;
				CLANG_WARN_COMMA = YES;
				CLANG_WARN_CONSTANT_CONVERSION = YES;
				CLANG_WARN_DEPRECATED_OBJC_IMPLEMENTATIONS = YES;
				CLANG_WARN_DIRECT_OBJC_ISA_USAGE = YES_ERROR;
				CLANG_WARN_DOCUMENTATION_COMMENTS = YES;
				CLANG_WARN_EMPTY_BODY = YES;
				CLANG_WARN_ENUM_CONVERSION = YES;
				CLANG_WARN_INFINITE_RECURSION = YES;
				CLANG_WARN_INT_CONVERSION = YES;
				CLANG_WARN_NON_LITERAL_NULL_CONVERSION = YES;
				CLANG_WARN_OBJC_IMPLICIT_RETAIN_SELF = YES;
				CLANG_WARN_OBJC_LITERAL_CONVERSION = YES;
				CLANG_WARN_OBJC_ROOT_CLASS = YES_ERROR;
				CLANG_WARN_QUOTED_INCLUDE_IN_FRAMEWORK_HEADER = YES;
				CLANG_WARN_RANGE_LOOP_ANALYSIS = YES;
				CLANG_WARN_STRICT_PROTOTYPES = YES;
				CLANG_WARN_SUSPICIOUS_MOVE = YES;
				CLANG_WARN_UNGUARDED_AVAILABILITY = YES_AGGRESSIVE;
				CLANG_WARN_UNREACHABLE_CODE = YES;
				CLANG_WARN__DUPLICATE_METHOD_MATCH = YES;
				COPY_PHASE_STRIP = NO;
				DEBUG_INFORMATION_FORMAT = dwarf;
				ENABLE_STRICT_OBJC_MSGSEND = YES;
				ENABLE_TESTABILITY = YES;
				ENABLE_USER_SCRIPT_SANDBOXING = YES;
				GCC_C_LANGUAGE_STANDARD = gnu17;
				GCC_DYNAMIC_NO_PIC = NO;
				GCC_NO_COMMON_BLOCKS = YES;
				GCC_OPTIMIZATION_LEVEL = 0;
				GCC_PREPROCESSOR_DEFINITIONS = (
					"DEBUG=1",
					"$(inherited)",
				);
				GCC_WARN_64_TO_32_BIT_CONVERSION = YES;
				GCC_WARN_ABOUT_RETURN_TYPE = YES_ERROR;
				GCC_WARN_UNDECLARED_SELECTOR = YES;
				GCC_WARN_UNINITIALIZED_AUTOS = YES_AGGRESSIVE;
				GCC_WARN_UNUSED_FUNCTION = YES;
				GCC_WARN_UNUSED_VARIABLE = YES;
				IPHONEOS_DEPLOYMENT_TARGET = 16.0;
				LOCALIZATION_PREFERS_STRING_CATALOGS = YES;
				MTL_ENABLE_DEBUG_INFO = INCLUDE_SOURCE;
				MTL_FAST_MATH = YES;
				ONLY_ACTIVE_ARCH = YES;
				SDKROOT = iphoneos;
				SWIFT_ACTIVE_COMPILATION_CONDITIONS = "DEBUG $(inherited)";
				SWIFT_OPTIMIZATION_LEVEL = "-Onone";
			};
			name = Debug;
		};
		446CCC782B064CA200903989 /* Release */ = {
			isa = XCBuildConfiguration;
			buildSettings = {
				ALWAYS_SEARCH_USER_PATHS = NO;
				ASSETCATALOG_COMPILER_GENERATE_SWIFT_ASSET_SYMBOL_EXTENSIONS = YES;
				CLANG_ANALYZER_NONNULL = YES;
				CLANG_ANALYZER_NUMBER_OBJECT_CONVERSION = YES_AGGRESSIVE;
				CLANG_CXX_LANGUAGE_STANDARD = "gnu++20";
				CLANG_ENABLE_MODULES = YES;
				CLANG_ENABLE_OBJC_ARC = YES;
				CLANG_ENABLE_OBJC_WEAK = YES;
				CLANG_WARN_BLOCK_CAPTURE_AUTORELEASING = YES;
				CLANG_WARN_BOOL_CONVERSION = YES;
				CLANG_WARN_COMMA = YES;
				CLANG_WARN_CONSTANT_CONVERSION = YES;
				CLANG_WARN_DEPRECATED_OBJC_IMPLEMENTATIONS = YES;
				CLANG_WARN_DIRECT_OBJC_ISA_USAGE = YES_ERROR;
				CLANG_WARN_DOCUMENTATION_COMMENTS = YES;
				CLANG_WARN_EMPTY_BODY = YES;
				CLANG_WARN_ENUM_CONVERSION = YES;
				CLANG_WARN_INFINITE_RECURSION = YES;
				CLANG_WARN_INT_CONVERSION = YES;
				CLANG_WARN_NON_LITERAL_NULL_CONVERSION = YES;
				CLANG_WARN_OBJC_IMPLICIT_RETAIN_SELF = YES;
				CLANG_WARN_OBJC_LITERAL_CONVERSION = YES;
				CLANG_WARN_OBJC_ROOT_CLASS = YES_ERROR;
				CLANG_WARN_QUOTED_INCLUDE_IN_FRAMEWORK_HEADER = YES;
				CLANG_WARN_RANGE_LOOP_ANALYSIS = YES;
				CLANG_WARN_STRICT_PROTOTYPES = YES;
				CLANG_WARN_SUSPICIOUS_MOVE = YES;
				CLANG_WARN_UNGUARDED_AVAILABILITY = YES_AGGRESSIVE;
				CLANG_WARN_UNREACHABLE_CODE = YES;
				CLANG_WARN__DUPLICATE_METHOD_MATCH = YES;
				COPY_PHASE_STRIP = NO;
				DEBUG_INFORMATION_FORMAT = "dwarf-with-dsym";
				ENABLE_NS_ASSERTIONS = NO;
				ENABLE_STRICT_OBJC_MSGSEND = YES;
				ENABLE_USER_SCRIPT_SANDBOXING = YES;
				GCC_C_LANGUAGE_STANDARD = gnu17;
				GCC_NO_COMMON_BLOCKS = YES;
				GCC_WARN_64_TO_32_BIT_CONVERSION = YES;
				GCC_WARN_ABOUT_RETURN_TYPE = YES_ERROR;
				GCC_WARN_UNDECLARED_SELECTOR = YES;
				GCC_WARN_UNINITIALIZED_AUTOS = YES_AGGRESSIVE;
				GCC_WARN_UNUSED_FUNCTION = YES;
				GCC_WARN_UNUSED_VARIABLE = YES;
				IPHONEOS_DEPLOYMENT_TARGET = 16.0;
				LOCALIZATION_PREFERS_STRING_CATALOGS = YES;
				MTL_ENABLE_DEBUG_INFO = NO;
				MTL_FAST_MATH = YES;
				SDKROOT = iphoneos;
				SWIFT_COMPILATION_MODE = wholemodule;
				VALIDATE_PRODUCT = YES;
			};
			name = Release;
		};
		446CCC7A2B064CA200903989 /* Debug */ = {
			isa = XCBuildConfiguration;
			buildSettings = {
				ALWAYS_EMBED_SWIFT_STANDARD_LIBRARIES = YES;
				ASSETCATALOG_COMPILER_APPICON_NAME = AppIcon;
				ASSETCATALOG_COMPILER_GLOBAL_ACCENT_COLOR_NAME = AccentColor;
				CODE_SIGN_STYLE = Automatic;
				CURRENT_PROJECT_VERSION = 1;
				DEVELOPMENT_TEAM = 6GH2ZWT255;
				GENERATE_INFOPLIST_FILE = YES;
				INFOPLIST_FILE = HyReadBooks/Info.plist;
				INFOPLIST_KEY_UIApplicationSupportsIndirectInputEvents = YES;
				INFOPLIST_KEY_UILaunchStoryboardName = LaunchScreen;
				INFOPLIST_KEY_UIMainStoryboardFile = Main;
				INFOPLIST_KEY_UISupportedInterfaceOrientations_iPad = "UIInterfaceOrientationPortrait UIInterfaceOrientationPortraitUpsideDown UIInterfaceOrientationLandscapeLeft UIInterfaceOrientationLandscapeRight";
				INFOPLIST_KEY_UISupportedInterfaceOrientations_iPhone = "UIInterfaceOrientationPortrait UIInterfaceOrientationLandscapeLeft UIInterfaceOrientationLandscapeRight";
				LD_RUNPATH_SEARCH_PATHS = (
					"$(inherited)",
					"@executable_path/Frameworks",
				);
				MARKETING_VERSION = 1.0;
				PRODUCT_BUNDLE_IDENTIFIER = tw.com.bingbing.HyReadBooks;
				PRODUCT_NAME = "$(TARGET_NAME)";
				SWIFT_EMIT_LOC_STRINGS = YES;
				SWIFT_VERSION = 5.0;
				TARGETED_DEVICE_FAMILY = "1,2";
			};
			name = Debug;
		};
		446CCC7B2B064CA200903989 /* Release */ = {
			isa = XCBuildConfiguration;
			buildSettings = {
				ALWAYS_EMBED_SWIFT_STANDARD_LIBRARIES = YES;
				ASSETCATALOG_COMPILER_APPICON_NAME = AppIcon;
				ASSETCATALOG_COMPILER_GLOBAL_ACCENT_COLOR_NAME = AccentColor;
				CODE_SIGN_STYLE = Automatic;
				CURRENT_PROJECT_VERSION = 1;
				DEVELOPMENT_TEAM = 6GH2ZWT255;
				GENERATE_INFOPLIST_FILE = YES;
				INFOPLIST_FILE = HyReadBooks/Info.plist;
				INFOPLIST_KEY_UIApplicationSupportsIndirectInputEvents = YES;
				INFOPLIST_KEY_UILaunchStoryboardName = LaunchScreen;
				INFOPLIST_KEY_UIMainStoryboardFile = Main;
				INFOPLIST_KEY_UISupportedInterfaceOrientations_iPad = "UIInterfaceOrientationPortrait UIInterfaceOrientationPortraitUpsideDown UIInterfaceOrientationLandscapeLeft UIInterfaceOrientationLandscapeRight";
				INFOPLIST_KEY_UISupportedInterfaceOrientations_iPhone = "UIInterfaceOrientationPortrait UIInterfaceOrientationLandscapeLeft UIInterfaceOrientationLandscapeRight";
				LD_RUNPATH_SEARCH_PATHS = (
					"$(inherited)",
					"@executable_path/Frameworks",
				);
				MARKETING_VERSION = 1.0;
				PRODUCT_BUNDLE_IDENTIFIER = tw.com.bingbing.HyReadBooks;
				PRODUCT_NAME = "$(TARGET_NAME)";
				SWIFT_EMIT_LOC_STRINGS = YES;
				SWIFT_VERSION = 5.0;
				TARGETED_DEVICE_FAMILY = "1,2";
			};
			name = Release;
		};
		446CCC7D2B064CA200903989 /* Debug */ = {
			isa = XCBuildConfiguration;
			buildSettings = {
				ALWAYS_EMBED_SWIFT_STANDARD_LIBRARIES = YES;
				BUNDLE_LOADER = "$(TEST_HOST)";
				CODE_SIGN_STYLE = Automatic;
				CURRENT_PROJECT_VERSION = 1;
				GENERATE_INFOPLIST_FILE = YES;
				IPHONEOS_DEPLOYMENT_TARGET = 17.0;
				MARKETING_VERSION = 1.0;
				PRODUCT_BUNDLE_IDENTIFIER = tw.com.bingbing.HyReadBooksTests;
				PRODUCT_NAME = "$(TARGET_NAME)";
				SWIFT_EMIT_LOC_STRINGS = NO;
				SWIFT_VERSION = 5.0;
				TARGETED_DEVICE_FAMILY = "1,2";
				TEST_HOST = "$(BUILT_PRODUCTS_DIR)/HyReadBooks.app/$(BUNDLE_EXECUTABLE_FOLDER_PATH)/HyReadBooks";
			};
			name = Debug;
		};
		446CCC7E2B064CA200903989 /* Release */ = {
			isa = XCBuildConfiguration;
			buildSettings = {
				ALWAYS_EMBED_SWIFT_STANDARD_LIBRARIES = YES;
				BUNDLE_LOADER = "$(TEST_HOST)";
				CODE_SIGN_STYLE = Automatic;
				CURRENT_PROJECT_VERSION = 1;
				GENERATE_INFOPLIST_FILE = YES;
				IPHONEOS_DEPLOYMENT_TARGET = 17.0;
				MARKETING_VERSION = 1.0;
				PRODUCT_BUNDLE_IDENTIFIER = tw.com.bingbing.HyReadBooksTests;
				PRODUCT_NAME = "$(TARGET_NAME)";
				SWIFT_EMIT_LOC_STRINGS = NO;
				SWIFT_VERSION = 5.0;
				TARGETED_DEVICE_FAMILY = "1,2";
				TEST_HOST = "$(BUILT_PRODUCTS_DIR)/HyReadBooks.app/$(BUNDLE_EXECUTABLE_FOLDER_PATH)/HyReadBooks";
			};
			name = Release;
		};
		446CCC802B064CA200903989 /* Debug */ = {
			isa = XCBuildConfiguration;
			buildSettings = {
				ALWAYS_EMBED_SWIFT_STANDARD_LIBRARIES = YES;
				CODE_SIGN_STYLE = Automatic;
				CURRENT_PROJECT_VERSION = 1;
				GENERATE_INFOPLIST_FILE = YES;
				MARKETING_VERSION = 1.0;
				PRODUCT_BUNDLE_IDENTIFIER = tw.com.bingbing.HyReadBooksUITests;
				PRODUCT_NAME = "$(TARGET_NAME)";
				SWIFT_EMIT_LOC_STRINGS = NO;
				SWIFT_VERSION = 5.0;
				TARGETED_DEVICE_FAMILY = "1,2";
				TEST_TARGET_NAME = HyReadBooks;
			};
			name = Debug;
		};
		446CCC812B064CA200903989 /* Release */ = {
			isa = XCBuildConfiguration;
			buildSettings = {
				ALWAYS_EMBED_SWIFT_STANDARD_LIBRARIES = YES;
				CODE_SIGN_STYLE = Automatic;
				CURRENT_PROJECT_VERSION = 1;
				GENERATE_INFOPLIST_FILE = YES;
				MARKETING_VERSION = 1.0;
				PRODUCT_BUNDLE_IDENTIFIER = tw.com.bingbing.HyReadBooksUITests;
				PRODUCT_NAME = "$(TARGET_NAME)";
				SWIFT_EMIT_LOC_STRINGS = NO;
				SWIFT_VERSION = 5.0;
				TARGETED_DEVICE_FAMILY = "1,2";
				TEST_TARGET_NAME = HyReadBooks;
			};
			name = Release;
		};
		446CCCA52B064DA500903989 /* Debug */ = {
			isa = XCBuildConfiguration;
			buildSettings = {
				CLANG_ENABLE_MODULES = YES;
				CODE_SIGN_IDENTITY = "Apple Development";
				CODE_SIGN_STYLE = Automatic;
				CURRENT_PROJECT_VERSION = 1;
				DEFINES_MODULE = YES;
				DEVELOPMENT_TEAM = 6GH2ZWT255;
				DYLIB_COMPATIBILITY_VERSION = 1;
				DYLIB_CURRENT_VERSION = 1;
				DYLIB_INSTALL_NAME_BASE = "@rpath";
				ENABLE_MODULE_VERIFIER = YES;
				GENERATE_INFOPLIST_FILE = YES;
				INFOPLIST_KEY_NSHumanReadableCopyright = "";
				INSTALL_PATH = "$(LOCAL_LIBRARY_DIR)/Frameworks";
				LD_RUNPATH_SEARCH_PATHS = (
					"$(inherited)",
					"@executable_path/Frameworks",
					"@loader_path/Frameworks",
				);
				MARKETING_VERSION = 1.0;
				MODULE_VERIFIER_SUPPORTED_LANGUAGES = "objective-c objective-c++";
				MODULE_VERIFIER_SUPPORTED_LANGUAGE_STANDARDS = "gnu17 gnu++20";
				PRODUCT_BUNDLE_IDENTIFIER = tw.com.bingbing.HRLibrary;
				PRODUCT_NAME = "$(TARGET_NAME:c99extidentifier)";
				SKIP_INSTALL = YES;
				SWIFT_EMIT_LOC_STRINGS = YES;
				SWIFT_OPTIMIZATION_LEVEL = "-Onone";
				SWIFT_VERSION = 5.0;
				TARGETED_DEVICE_FAMILY = "1,2";
				VERSIONING_SYSTEM = "apple-generic";
				VERSION_INFO_PREFIX = "";
			};
			name = Debug;
		};
		446CCCA62B064DA500903989 /* Release */ = {
			isa = XCBuildConfiguration;
			buildSettings = {
				CLANG_ENABLE_MODULES = YES;
				CODE_SIGN_IDENTITY = "Apple Development";
				CODE_SIGN_STYLE = Automatic;
				CURRENT_PROJECT_VERSION = 1;
				DEFINES_MODULE = YES;
				DEVELOPMENT_TEAM = 6GH2ZWT255;
				DYLIB_COMPATIBILITY_VERSION = 1;
				DYLIB_CURRENT_VERSION = 1;
				DYLIB_INSTALL_NAME_BASE = "@rpath";
				ENABLE_MODULE_VERIFIER = YES;
				GENERATE_INFOPLIST_FILE = YES;
				INFOPLIST_KEY_NSHumanReadableCopyright = "";
				INSTALL_PATH = "$(LOCAL_LIBRARY_DIR)/Frameworks";
				LD_RUNPATH_SEARCH_PATHS = (
					"$(inherited)",
					"@executable_path/Frameworks",
					"@loader_path/Frameworks",
				);
				MARKETING_VERSION = 1.0;
				MODULE_VERIFIER_SUPPORTED_LANGUAGES = "objective-c objective-c++";
				MODULE_VERIFIER_SUPPORTED_LANGUAGE_STANDARDS = "gnu17 gnu++20";
				PRODUCT_BUNDLE_IDENTIFIER = tw.com.bingbing.HRLibrary;
				PRODUCT_NAME = "$(TARGET_NAME:c99extidentifier)";
				SKIP_INSTALL = YES;
				SWIFT_EMIT_LOC_STRINGS = YES;
				SWIFT_VERSION = 5.0;
				TARGETED_DEVICE_FAMILY = "1,2";
				VERSIONING_SYSTEM = "apple-generic";
				VERSION_INFO_PREFIX = "";
			};
			name = Release;
		};
		446CCCA92B064DA500903989 /* Debug */ = {
			isa = XCBuildConfiguration;
			buildSettings = {
				ALWAYS_EMBED_SWIFT_STANDARD_LIBRARIES = YES;
				CODE_SIGN_STYLE = Automatic;
				CURRENT_PROJECT_VERSION = 1;
				GENERATE_INFOPLIST_FILE = YES;
				MARKETING_VERSION = 1.0;
				PRODUCT_BUNDLE_IDENTIFIER = tw.com.bingbing.HRLibraryTests;
				PRODUCT_NAME = "$(TARGET_NAME)";
				SWIFT_EMIT_LOC_STRINGS = NO;
				SWIFT_VERSION = 5.0;
				TARGETED_DEVICE_FAMILY = "1,2";
				TEST_HOST = "$(BUILT_PRODUCTS_DIR)/HyReadBooks.app/$(BUNDLE_EXECUTABLE_FOLDER_PATH)/HyReadBooks";
			};
			name = Debug;
		};
		446CCCAA2B064DA500903989 /* Release */ = {
			isa = XCBuildConfiguration;
			buildSettings = {
				ALWAYS_EMBED_SWIFT_STANDARD_LIBRARIES = YES;
				CODE_SIGN_STYLE = Automatic;
				CURRENT_PROJECT_VERSION = 1;
				GENERATE_INFOPLIST_FILE = YES;
				MARKETING_VERSION = 1.0;
				PRODUCT_BUNDLE_IDENTIFIER = tw.com.bingbing.HRLibraryTests;
				PRODUCT_NAME = "$(TARGET_NAME)";
				SWIFT_EMIT_LOC_STRINGS = NO;
				SWIFT_VERSION = 5.0;
				TARGETED_DEVICE_FAMILY = "1,2";
				TEST_HOST = "$(BUILT_PRODUCTS_DIR)/HyReadBooks.app/$(BUNDLE_EXECUTABLE_FOLDER_PATH)/HyReadBooks";
			};
			name = Release;
		};
		446CCCCA2B064E0B00903989 /* Debug */ = {
			isa = XCBuildConfiguration;
			buildSettings = {
				CLANG_ENABLE_MODULES = YES;
				CODE_SIGN_IDENTITY = "Apple Development";
				CODE_SIGN_STYLE = Automatic;
				CURRENT_PROJECT_VERSION = 1;
				DEFINES_MODULE = YES;
				DEVELOPMENT_TEAM = 6GH2ZWT255;
				DYLIB_COMPATIBILITY_VERSION = 1;
				DYLIB_CURRENT_VERSION = 1;
				DYLIB_INSTALL_NAME_BASE = "@rpath";
				ENABLE_MODULE_VERIFIER = YES;
				GENERATE_INFOPLIST_FILE = YES;
				INFOPLIST_KEY_NSHumanReadableCopyright = "";
				INSTALL_PATH = "$(LOCAL_LIBRARY_DIR)/Frameworks";
				LD_RUNPATH_SEARCH_PATHS = (
					"$(inherited)",
					"@executable_path/Frameworks",
					"@loader_path/Frameworks",
				);
				MARKETING_VERSION = 1.0;
				MODULE_VERIFIER_SUPPORTED_LANGUAGES = "objective-c objective-c++";
				MODULE_VERIFIER_SUPPORTED_LANGUAGE_STANDARDS = "gnu17 gnu++20";
				PRODUCT_BUNDLE_IDENTIFIER = tw.com.bingbing.HRApi;
				PRODUCT_NAME = "$(TARGET_NAME:c99extidentifier)";
				SKIP_INSTALL = YES;
				SWIFT_EMIT_LOC_STRINGS = YES;
				SWIFT_OPTIMIZATION_LEVEL = "-Onone";
				SWIFT_VERSION = 5.0;
				TARGETED_DEVICE_FAMILY = "1,2";
				VERSIONING_SYSTEM = "apple-generic";
				VERSION_INFO_PREFIX = "";
			};
			name = Debug;
		};
		446CCCCB2B064E0B00903989 /* Release */ = {
			isa = XCBuildConfiguration;
			buildSettings = {
				CLANG_ENABLE_MODULES = YES;
				CODE_SIGN_IDENTITY = "Apple Development";
				CODE_SIGN_STYLE = Automatic;
				CURRENT_PROJECT_VERSION = 1;
				DEFINES_MODULE = YES;
				DEVELOPMENT_TEAM = 6GH2ZWT255;
				DYLIB_COMPATIBILITY_VERSION = 1;
				DYLIB_CURRENT_VERSION = 1;
				DYLIB_INSTALL_NAME_BASE = "@rpath";
				ENABLE_MODULE_VERIFIER = YES;
				GENERATE_INFOPLIST_FILE = YES;
				INFOPLIST_KEY_NSHumanReadableCopyright = "";
				INSTALL_PATH = "$(LOCAL_LIBRARY_DIR)/Frameworks";
				LD_RUNPATH_SEARCH_PATHS = (
					"$(inherited)",
					"@executable_path/Frameworks",
					"@loader_path/Frameworks",
				);
				MARKETING_VERSION = 1.0;
				MODULE_VERIFIER_SUPPORTED_LANGUAGES = "objective-c objective-c++";
				MODULE_VERIFIER_SUPPORTED_LANGUAGE_STANDARDS = "gnu17 gnu++20";
				PRODUCT_BUNDLE_IDENTIFIER = tw.com.bingbing.HRApi;
				PRODUCT_NAME = "$(TARGET_NAME:c99extidentifier)";
				SKIP_INSTALL = YES;
				SWIFT_EMIT_LOC_STRINGS = YES;
				SWIFT_VERSION = 5.0;
				TARGETED_DEVICE_FAMILY = "1,2";
				VERSIONING_SYSTEM = "apple-generic";
				VERSION_INFO_PREFIX = "";
			};
			name = Release;
		};
		446CCCCD2B064E0B00903989 /* Debug */ = {
			isa = XCBuildConfiguration;
			buildSettings = {
				ALWAYS_EMBED_SWIFT_STANDARD_LIBRARIES = YES;
				CODE_SIGN_STYLE = Automatic;
				CURRENT_PROJECT_VERSION = 1;
				GENERATE_INFOPLIST_FILE = YES;
				MARKETING_VERSION = 1.0;
				PRODUCT_BUNDLE_IDENTIFIER = tw.com.bingbing.HRApiTests;
				PRODUCT_NAME = "$(TARGET_NAME)";
				SWIFT_EMIT_LOC_STRINGS = NO;
				SWIFT_VERSION = 5.0;
				TARGETED_DEVICE_FAMILY = "1,2";
				TEST_HOST = "$(BUILT_PRODUCTS_DIR)/HyReadBooks.app/$(BUNDLE_EXECUTABLE_FOLDER_PATH)/HyReadBooks";
			};
			name = Debug;
		};
		446CCCCE2B064E0B00903989 /* Release */ = {
			isa = XCBuildConfiguration;
			buildSettings = {
				ALWAYS_EMBED_SWIFT_STANDARD_LIBRARIES = YES;
				CODE_SIGN_STYLE = Automatic;
				CURRENT_PROJECT_VERSION = 1;
				GENERATE_INFOPLIST_FILE = YES;
				MARKETING_VERSION = 1.0;
				PRODUCT_BUNDLE_IDENTIFIER = tw.com.bingbing.HRApiTests;
				PRODUCT_NAME = "$(TARGET_NAME)";
				SWIFT_EMIT_LOC_STRINGS = NO;
				SWIFT_VERSION = 5.0;
				TARGETED_DEVICE_FAMILY = "1,2";
				TEST_HOST = "$(BUILT_PRODUCTS_DIR)/HyReadBooks.app/$(BUNDLE_EXECUTABLE_FOLDER_PATH)/HyReadBooks";
			};
			name = Release;
		};
/* End XCBuildConfiguration section */

/* Begin XCConfigurationList section */
		30C9D2F82B073ECF0097213C /* Build configuration list for PBXNativeTarget "HRLocalStorage" */ = {
			isa = XCConfigurationList;
			buildConfigurations = (
				30C9D2F92B073ECF0097213C /* Debug */,
				30C9D2FA2B073ECF0097213C /* Release */,
			);
			defaultConfigurationIsVisible = 0;
			defaultConfigurationName = Release;
		};
		30C9D2FB2B073ECF0097213C /* Build configuration list for PBXNativeTarget "HRLocalStorageTests" */ = {
			isa = XCConfigurationList;
			buildConfigurations = (
				30C9D2FC2B073ECF0097213C /* Debug */,
				30C9D2FD2B073ECF0097213C /* Release */,
			);
			defaultConfigurationIsVisible = 0;
			defaultConfigurationName = Release;
		};
		446CCC4A2B064CA100903989 /* Build configuration list for PBXProject "HyReadBooks" */ = {
			isa = XCConfigurationList;
			buildConfigurations = (
				446CCC772B064CA200903989 /* Debug */,
				446CCC782B064CA200903989 /* Release */,
			);
			defaultConfigurationIsVisible = 0;
			defaultConfigurationName = Release;
		};
		446CCC792B064CA200903989 /* Build configuration list for PBXNativeTarget "HyReadBooks" */ = {
			isa = XCConfigurationList;
			buildConfigurations = (
				446CCC7A2B064CA200903989 /* Debug */,
				446CCC7B2B064CA200903989 /* Release */,
			);
			defaultConfigurationIsVisible = 0;
			defaultConfigurationName = Release;
		};
		446CCC7C2B064CA200903989 /* Build configuration list for PBXNativeTarget "HyReadBooksTests" */ = {
			isa = XCConfigurationList;
			buildConfigurations = (
				446CCC7D2B064CA200903989 /* Debug */,
				446CCC7E2B064CA200903989 /* Release */,
			);
			defaultConfigurationIsVisible = 0;
			defaultConfigurationName = Release;
		};
		446CCC7F2B064CA200903989 /* Build configuration list for PBXNativeTarget "HyReadBooksUITests" */ = {
			isa = XCConfigurationList;
			buildConfigurations = (
				446CCC802B064CA200903989 /* Debug */,
				446CCC812B064CA200903989 /* Release */,
			);
			defaultConfigurationIsVisible = 0;
			defaultConfigurationName = Release;
		};
		446CCCA42B064DA500903989 /* Build configuration list for PBXNativeTarget "HRLibrary" */ = {
			isa = XCConfigurationList;
			buildConfigurations = (
				446CCCA52B064DA500903989 /* Debug */,
				446CCCA62B064DA500903989 /* Release */,
			);
			defaultConfigurationIsVisible = 0;
			defaultConfigurationName = Release;
		};
		446CCCA82B064DA500903989 /* Build configuration list for PBXNativeTarget "HRLibraryTests" */ = {
			isa = XCConfigurationList;
			buildConfigurations = (
				446CCCA92B064DA500903989 /* Debug */,
				446CCCAA2B064DA500903989 /* Release */,
			);
			defaultConfigurationIsVisible = 0;
			defaultConfigurationName = Release;
		};
		446CCCC92B064E0B00903989 /* Build configuration list for PBXNativeTarget "HRApi" */ = {
			isa = XCConfigurationList;
			buildConfigurations = (
				446CCCCA2B064E0B00903989 /* Debug */,
				446CCCCB2B064E0B00903989 /* Release */,
			);
			defaultConfigurationIsVisible = 0;
			defaultConfigurationName = Release;
		};
		446CCCCC2B064E0B00903989 /* Build configuration list for PBXNativeTarget "HRApiTests" */ = {
			isa = XCConfigurationList;
			buildConfigurations = (
				446CCCCD2B064E0B00903989 /* Debug */,
				446CCCCE2B064E0B00903989 /* Release */,
			);
			defaultConfigurationIsVisible = 0;
			defaultConfigurationName = Release;
		};
/* End XCConfigurationList section */

/* Begin XCRemoteSwiftPackageReference section */
		446CCC822B064D5A00903989 /* XCRemoteSwiftPackageReference "RxSwift" */ = {
			isa = XCRemoteSwiftPackageReference;
			repositoryURL = "https://github.com/ReactiveX/RxSwift";
			requirement = {
				kind = upToNextMajorVersion;
				minimumVersion = 6.6.0;
			};
		};
		446CCC852B064D6A00903989 /* XCRemoteSwiftPackageReference "Kingfisher" */ = {
			isa = XCRemoteSwiftPackageReference;
			repositoryURL = "https://github.com/onevcat/Kingfisher.git";
			requirement = {
				kind = upToNextMajorVersion;
				minimumVersion = 7.10.0;
			};
		};
		446CCD1E2B08E43F00903989 /* XCRemoteSwiftPackageReference "Popover" */ = {
			isa = XCRemoteSwiftPackageReference;
			repositoryURL = "https://github.com/lkzhao/Popover.git";
			requirement = {
				kind = upToNextMajorVersion;
				minimumVersion = 0.1.4;
			};
		};
/* End XCRemoteSwiftPackageReference section */

/* Begin XCSwiftPackageProductDependency section */
		30C9D30A2B07466F0097213C /* RxCocoa */ = {
			isa = XCSwiftPackageProductDependency;
			package = 446CCC822B064D5A00903989 /* XCRemoteSwiftPackageReference "RxSwift" */;
			productName = RxCocoa;
		};
		30C9D30C2B07466F0097213C /* RxSwift */ = {
			isa = XCSwiftPackageProductDependency;
			package = 446CCC822B064D5A00903989 /* XCRemoteSwiftPackageReference "RxSwift" */;
			productName = RxSwift;
		};
		446CCC832B064D5A00903989 /* RxCocoa */ = {
			isa = XCSwiftPackageProductDependency;
			package = 446CCC822B064D5A00903989 /* XCRemoteSwiftPackageReference "RxSwift" */;
			productName = RxCocoa;
		};
		446CCC862B064D6A00903989 /* Kingfisher */ = {
			isa = XCSwiftPackageProductDependency;
			package = 446CCC852B064D6A00903989 /* XCRemoteSwiftPackageReference "Kingfisher" */;
			productName = Kingfisher;
		};
		446CCCE42B06521F00903989 /* RxCocoa */ = {
			isa = XCSwiftPackageProductDependency;
			package = 446CCC822B064D5A00903989 /* XCRemoteSwiftPackageReference "RxSwift" */;
			productName = RxCocoa;
		};
		446CCCE62B06521F00903989 /* RxSwift */ = {
			isa = XCSwiftPackageProductDependency;
			package = 446CCC822B064D5A00903989 /* XCRemoteSwiftPackageReference "RxSwift" */;
			productName = RxSwift;
		};
		446CCD012B0659EA00903989 /* RxSwift */ = {
			isa = XCSwiftPackageProductDependency;
			package = 446CCC822B064D5A00903989 /* XCRemoteSwiftPackageReference "RxSwift" */;
			productName = RxSwift;
		};
		446CCD032B065A0100903989 /* RxCocoa */ = {
			isa = XCSwiftPackageProductDependency;
			package = 446CCC822B064D5A00903989 /* XCRemoteSwiftPackageReference "RxSwift" */;
			productName = RxCocoa;
		};
		446CCD052B065A0400903989 /* RxSwift */ = {
			isa = XCSwiftPackageProductDependency;
			package = 446CCC822B064D5A00903989 /* XCRemoteSwiftPackageReference "RxSwift" */;
			productName = RxSwift;
		};
		446CCD1F2B08E43F00903989 /* Popover */ = {
			isa = XCSwiftPackageProductDependency;
			package = 446CCD1E2B08E43F00903989 /* XCRemoteSwiftPackageReference "Popover" */;
			productName = Popover;
		};
/* End XCSwiftPackageProductDependency section */

/* Begin XCVersionGroup section */
		30ED089C2B07582B000B0645 /* Model.xcdatamodeld */ = {
			isa = XCVersionGroup;
			children = (
				30ED089D2B07582B000B0645 /* Model.xcdatamodel */,
			);
			currentVersion = 30ED089D2B07582B000B0645 /* Model.xcdatamodel */;
			path = Model.xcdatamodeld;
			sourceTree = "<group>";
			versionGroupType = wrapper.xcdatamodel;
		};
/* End XCVersionGroup section */
	};
	rootObject = 446CCC472B064CA100903989 /* Project object */;
}
